{
  "projects": [
    {
      "projectId": "caTPwKxj5ZrD9LQ7DMdK4Z",
      "version": "3.40.0",
      "dependencies": {},
      "lang": "ts",
      "fileLocks": [
        {
          "assetId": "caTPwKxj5ZrD9LQ7DMdK4Z",
          "type": "projectCss",
          "checksum": "1c02168c6b23256606111fdfdbb63549"
        }
      ],
      "codegenVersion": "0.0.1"
    },
    {
      "projectId": "oBJtsp5RgVpcN6KCrDTuQT",
      "version": "1.3.0",
      "dependencies": {},
      "lang": "ts",
      "fileLocks": [
        {
          "type": "globalVariant",
          "assetId": "BR2UhI7ulpvR",
          "checksum": "7dd3451831976b3b7f87519b09a8229b"
        },
        {
          "type": "icon",
          "assetId": "rDjUqSUK3eUM",
          "checksum": "a2a89126e9d4f94588ec08b80e2c8776"
        },
        {
          "type": "icon",
          "assetId": "r9Upp9NbiZkf",
          "checksum": "9d7ea21cac7322ef537972a599933b4b"
        },
        {
          "type": "icon",
          "assetId": "GHdF3hS-oP_3",
          "checksum": "02d3dfd561a8ed207de1008227b92020"
        },
        {
          "type": "icon",
          "assetId": "YXreB8gS3SjV",
          "checksum": "db4f070d03de3f905832203c543bcf6e"
        },
        {
          "type": "icon",
          "assetId": "aC_QFogxt1Ko",
          "checksum": "6e77d7eb5046aa0048f78c884358c59e"
        },
        {
          "type": "icon",
          "assetId": "GRY2zHJ6uxOn",
          "checksum": "d4d7dbba341312aa2aa30a59a3e493d8"
        },
        {
          "type": "icon",
          "assetId": "jHvDymIOvRnf",
          "checksum": "5c4030efdc719735eb9121618caa758c"
        },
        {
          "type": "icon",
          "assetId": "9zdEG9CdGbdC",
          "checksum": "0ab2e03013acdec1e2ec83b11b0a6b57"
        },
        {
          "type": "icon",
          "assetId": "7Dhq6fgU-utK",
          "checksum": "1f529b3973759c146e5c7c64efaef136"
        },
        {
          "type": "icon",
          "assetId": "J8ozh55UiWsA",
          "checksum": "8cf489b7683ac894d2333453da59dc10"
        },
        {
          "type": "icon",
          "assetId": "rW7v27ONOoUe",
          "checksum": "7b2b5f99b7f8a3fd8aaf5115b1c6d860"
        },
        {
          "type": "icon",
          "assetId": "4D7uZNf6OjbV",
          "checksum": "28642b07ebd327ffa1555216f81e4308"
        },
        {
          "type": "icon",
          "assetId": "e2zWN9c_lxv7",
          "checksum": "659d5226e2d363ff32eafb9be685386a"
        },
        {
          "type": "icon",
          "assetId": "WTtCf_1I-uMv",
          "checksum": "f1fa51e41b9e49a6b1d3ca0b56281d40"
        },
        {
          "type": "icon",
          "assetId": "eZfYsLpdWQA_",
          "checksum": "0101f8083cb5bdd134a753220e14aba9"
        },
        {
          "type": "icon",
          "assetId": "NSxX1Iy4jDVL",
          "checksum": "f7ee94acc93a902b0b574c48fd0cf1a7"
        },
        {
          "type": "icon",
          "assetId": "dmfb3Ga2IoVt",
          "checksum": "0e165f3b8ff96008a34fc1559c5c5ebd"
        },
        {
          "type": "icon",
          "assetId": "BamIPHX72k5k",
          "checksum": "c80da7c2ab88ccff285cd60ba43f378b"
        },
        {
          "type": "icon",
          "assetId": "zb1oqVXdrxPK",
          "checksum": "07ad9dc6c5e57a37b9af8c86a61bb6bf"
        },
        {
          "type": "icon",
          "assetId": "oob3UzcKBsd_",
          "checksum": "48b18a7d0f3c7534678907f308ebd125"
        },
        {
          "type": "icon",
          "assetId": "qxWwW7vbw7na",
          "checksum": "5020e76547cd1c8acc6eee036b77141c"
        },
        {
          "type": "image",
          "assetId": "ijbf5URccsnE",
          "checksum": "871858b983feb6fdf32268fce7608bc6"
        },
        {
          "assetId": "oBJtsp5RgVpcN6KCrDTuQT",
          "type": "projectCss",
          "checksum": "f70828b52f3661a876b9a7ea6ccb9fcc"
        }
      ],
      "codegenVersion": "0.0.1"
    },
    {
      "projectId": "sqPBLwEBBKHA2WDuGb17eV",
      "version": "2.3.0",
      "dependencies": {},
      "lang": "ts",
      "fileLocks": [
        {
          "type": "icon",
          "assetId": "Wyt3GMMsLefj",
          "checksum": "d2b1886763aa016780501d0c22f50b5e"
        },
        {
          "type": "icon",
          "assetId": "MbDRsJU0e3bw",
          "checksum": "92672aa6935120ebaac11939d8d127bb"
        },
        {
          "type": "renderModule",
          "assetId": "5nirPCGmCnRD",
          "checksum": "68085e068ca6b23be62b4a95ce376560"
        },
        {
          "type": "cssRules",
          "assetId": "5nirPCGmCnRD",
          "checksum": "68085e068ca6b23be62b4a95ce376560"
        },
        {
          "assetId": "sqPBLwEBBKHA2WDuGb17eV",
          "type": "projectCss",
          "checksum": "1c02168c6b23256606111fdfdbb63549"
        }
      ],
      "codegenVersion": "0.0.1"
    },
    {
      "projectId": "8PtdGodUbexNYgkuyBUcWu",
      "version": "3.27.0",
      "dependencies": {},
      "lang": "ts",
      "fileLocks": [
        {
          "assetId": "8PtdGodUbexNYgkuyBUcWu",
          "checksum": "34a063f27f0b27a7d1d344bc6b5252c5",
          "type": "globalContexts"
        },
        {
          "assetId": "8PtdGodUbexNYgkuyBUcWu",
          "type": "projectCss",
          "checksum": "9440f91b1e8169311ba244276a5922c3"
        }
      ],
      "codegenVersion": "0.0.1"
    },
    {
      "projectId": "h9Dbk9ygddw7UVEq1NNhKi",
      "version": "6.0.2",
      "dependencies": {
        "sqPBLwEBBKHA2WDuGb17eV": "0.12.0",
        "oBJtsp5RgVpcN6KCrDTuQT": "1.3.0",
        "caTPwKxj5ZrD9LQ7DMdK4Z": "3.36.0"
      },
      "lang": "ts",
      "fileLocks": [
        {
          "type": "globalVariant",
          "assetId": "QmLtHiTXdNxv",
          "checksum": "1e98dc47c933788088926d8b42faad7b"
        },
        {
          "type": "renderModule",
          "assetId": "3i84rYjQRrs4",
          "checksum": "4591d7847bf0d6c8de6e2815ebd7bf76"
        },
        {
          "type": "cssRules",
          "assetId": "3i84rYjQRrs4",
          "checksum": "4591d7847bf0d6c8de6e2815ebd7bf76"
        },
        {
          "type": "renderModule",
          "assetId": "1bFBcAoH0lNN",
          "checksum": "917fc6f893546dacd14bb19ec127e54f"
        },
        {
          "type": "cssRules",
          "assetId": "1bFBcAoH0lNN",
          "checksum": "917fc6f893546dacd14bb19ec127e54f"
        },
        {
          "type": "renderModule",
          "assetId": "fa_t7ELXcm5k",
          "checksum": "742a47e3801129857019b5f9c87d3dba"
        },
        {
          "type": "cssRules",
          "assetId": "fa_t7ELXcm5k",
          "checksum": "742a47e3801129857019b5f9c87d3dba"
        },
        {
          "type": "renderModule",
          "assetId": "CZBpNouNw7Ui",
          "checksum": "11c27023a3db3c2c2c1b6c36a252c89f"
        },
        {
          "type": "cssRules",
          "assetId": "CZBpNouNw7Ui",
          "checksum": "11c27023a3db3c2c2c1b6c36a252c89f"
        },
        {
          "type": "icon",
          "assetId": "eCsLCdWP9DST",
          "checksum": "2bfc7e4636bd7e7fef59654fb0c1e3da"
        },
        {
          "type": "icon",
          "assetId": "xYtO5aWYRBvW",
          "checksum": "7d4e6a111d6640f786b347cca4d8ad15"
        },
        {
          "type": "icon",
          "assetId": "RqwNL88PjcHS",
          "checksum": "6badb8523227390be7d483f204068e0f"
        },
        {
          "type": "icon",
          "assetId": "_Qaeb-4Y8N07",
          "checksum": "986d20e143c950555b56927eace6c778"
        },
        {
          "type": "renderModule",
          "assetId": "oVzoHzMf1TLl",
          "checksum": "704523a41ea9301862da72eecc47e876"
        },
        {
          "type": "cssRules",
          "assetId": "oVzoHzMf1TLl",
          "checksum": "704523a41ea9301862da72eecc47e876"
        },
        {
          "type": "renderModule",
          "assetId": "FJiI2-N1is_F",
          "checksum": "f3111ded2981f1a0da02f47ea0d68b4c"
        },
        {
          "type": "cssRules",
          "assetId": "FJiI2-N1is_F",
          "checksum": "f3111ded2981f1a0da02f47ea0d68b4c"
        },
        {
          "assetId": "h9Dbk9ygddw7UVEq1NNhKi",
          "type": "projectCss",
          "checksum": "1b4db477ac8d148c5a0346bec561df11"
        }
      ],
      "codegenVersion": "0.0.1"
    },
    {
      "projectId": "afXULSfGYmou2jFpEc2QWJ",
      "version": "latest",
      "dependencies": {
        "oBJtsp5RgVpcN6KCrDTuQT": "1.3.0",
        "caTPwKxj5ZrD9LQ7DMdK4Z": "3.40.0",
        "8PtdGodUbexNYgkuyBUcWu": "3.27.0",
        "sqPBLwEBBKHA2WDuGb17eV": "2.3.0",
        "ohDidvG9XsCeFumugENU3J": "6.28.0",
        "jkU633o1Cz7HrJdwdxhVHk": "16.13.0",
        "YUiM7yqBWAqsh8KSnrdj7": "0.33.0",
        "h9Dbk9ygddw7UVEq1NNhKi": "6.0.2",
        "gLnoj82AzKVVT7qXiqAbHD": "2.14.0",
        "vqeFwpZFQ6buChy6T9PGwQ": "0.12.0",
        "gmeH6XgPaBtkt51HunAo4g": "18.12.0"
      },
      "lang": "ts",
      "fileLocks": [
        {
          "type": "globalVariant",
          "assetId": "7BS7RtJcMv9t",
          "checksum": "da75665d09331aa85df30893222e92e8"
        },
        {
          "assetId": "afXULSfGYmou2jFpEc2QWJ",
          "checksum": "ce3764b8df6ed0d0cb8a6728df27f6a9",
          "type": "globalContexts"
        },
        {
          "type": "renderModule",
          "assetId": "XSAvgKpp1Uaz",
          "checksum": "f126308331e0f97e7350716f1b434123"
        },
        {
          "type": "cssRules",
          "assetId": "XSAvgKpp1Uaz",
          "checksum": "f126308331e0f97e7350716f1b434123"
        },
        {
          "type": "renderModule",
          "assetId": "SePhlRlvEn3n",
          "checksum": "4924af51480a1aaba941eaaa78d95b57"
        },
        {
          "type": "cssRules",
          "assetId": "SePhlRlvEn3n",
          "checksum": "4924af51480a1aaba941eaaa78d95b57"
        },
        {
          "type": "renderModule",
          "assetId": "7wkEfmUYAcMf",
          "checksum": "f274e6c1707c0f8abe0fd03b5e3426d2"
        },
        {
          "type": "cssRules",
          "assetId": "7wkEfmUYAcMf",
          "checksum": "f274e6c1707c0f8abe0fd03b5e3426d2"
        },
        {
          "type": "renderModule",
          "assetId": "oVhwmqkQ-eSd",
          "checksum": "57d40172e1dbd7fc858afed38d2ab07d"
        },
        {
          "type": "cssRules",
          "assetId": "oVhwmqkQ-eSd",
          "checksum": "57d40172e1dbd7fc858afed38d2ab07d"
        },
        {
          "type": "renderModule",
          "assetId": "nwT0EaGINwPy",
          "checksum": "bd0c8ef279f0f0330a583510a98a0ec5"
        },
        {
          "type": "cssRules",
          "assetId": "nwT0EaGINwPy",
          "checksum": "bd0c8ef279f0f0330a583510a98a0ec5"
        },
        {
          "type": "renderModule",
          "assetId": "Qholsf4rjRaA",
          "checksum": "beeaca84a2f36dc5928d6c61196b63e7"
        },
        {
          "type": "cssRules",
          "assetId": "Qholsf4rjRaA",
          "checksum": "beeaca84a2f36dc5928d6c61196b63e7"
        },
        {
          "type": "renderModule",
          "assetId": "aziC0C3kJR0h",
          "checksum": "b54a442dff1c75b5e483930e9a1a8e61"
        },
        {
          "type": "cssRules",
          "assetId": "aziC0C3kJR0h",
          "checksum": "b54a442dff1c75b5e483930e9a1a8e61"
        },
        {
          "type": "renderModule",
          "assetId": "ZondeLPH5mZC",
          "checksum": "9efcb7dace912699c192d177f3f9896a"
        },
        {
          "type": "cssRules",
          "assetId": "ZondeLPH5mZC",
          "checksum": "9efcb7dace912699c192d177f3f9896a"
        },
        {
          "type": "icon",
          "assetId": "fjupp6w2fUeo",
          "checksum": "4a6f6192f853859c562d7f2f3cc54cd4"
        },
        {
          "type": "icon",
          "assetId": "VZ6Vl-sB0jLM",
          "checksum": "d2f0f5b6ed41762e587d3219a327b47c"
        },
        {
          "type": "icon",
          "assetId": "xEMFaK-yEYgd",
          "checksum": "34d9b42026a2e72c3ee309c748c26ec5"
        },
        {
          "type": "icon",
          "assetId": "WRSXhzCsATtt",
          "checksum": "75484c95dfbe3953ae1db036bdc9a279"
        },
        {
          "type": "icon",
          "assetId": "vSk8gB06wiRC",
          "checksum": "8b82c764ced26f4223ef8f8e541bcf04"
        },
        {
          "type": "icon",
          "assetId": "eeiQdsLura6L",
          "checksum": "f0618735029c80f0b7d899d65deb5561"
        },
        {
          "type": "icon",
          "assetId": "am-XC_8Kxn-x",
          "checksum": "a4e3fe34355f435f9ab515f2515cd423"
        },
        {
          "type": "icon",
          "assetId": "O8aQDsr69JmZ",
          "checksum": "1f40d4592e133b45b815a09cc2635f8c"
        },
        {
          "type": "icon",
          "assetId": "d5yeENyuZEF8",
          "checksum": "08d6f05820b2932ccf7f79a124f8f823"
        },
        {
          "type": "icon",
          "assetId": "7-KwYGGksEHB",
          "checksum": "26b63626d2573cf67bd35f69abebf640"
        },
        {
          "type": "icon",
          "assetId": "-aAWDY9EELMA",
          "checksum": "86a89fa12ae0101224eaccc3b63a8957"
        },
        {
          "type": "icon",
          "assetId": "DrwBCnVNGOUr",
          "checksum": "dfcb8a89d60ddc90a99f7feb591621ab"
        },
        {
          "type": "icon",
          "assetId": "Y_qC7oCCXC6M",
          "checksum": "cb77079ba3adffd07b27d34e6bb38d26"
        },
        {
          "type": "icon",
          "assetId": "Qb_lZSOBxQ0B",
          "checksum": "bca3e27ed749ba9334d0f61fcc8d781d"
        },
        {
          "type": "icon",
          "assetId": "sdf49AtFp7I6",
          "checksum": "29f39d453c993d189435e91824c92dc4"
        },
        {
          "type": "icon",
          "assetId": "89UX2c4RUbMn",
          "checksum": "78fb75e439619cff51163af714b5ab7d"
        },
        {
          "type": "icon",
          "assetId": "fHnEYndpDVQM",
          "checksum": "891e97f3298db671090e051b5e2c494c"
        },
        {
          "type": "icon",
          "assetId": "cjtWk_p-hopr",
          "checksum": "22071b73b6e6fbeb002460a5064eb8db"
        },
        {
          "type": "icon",
          "assetId": "ecBaHl9ZBa7P",
          "checksum": "173179fa3a16f759338e319d022d0554"
        },
        {
          "type": "icon",
          "assetId": "eiKe8zEuMZpA",
          "checksum": "eca254acb29ff2cb1dfe6df63ce65f12"
        },
        {
          "type": "icon",
          "assetId": "mHP_U4hM0IP3",
          "checksum": "5cfe77f2ba70aaeeb50c44ccca366939"
        },
        {
          "type": "icon",
          "assetId": "qcX1x0KU2hzJ",
          "checksum": "fd42ddcb761ecefc8f3e624e58b7ca8e"
        },
        {
          "type": "icon",
          "assetId": "RL4rpljbJj9e",
          "checksum": "9a93fe8f441a2430fd5fe24dd4231324"
        },
        {
          "type": "icon",
          "assetId": "KU99EqSwBdmA",
          "checksum": "f677722f622c2cdbbdae6c3ea3f0df83"
        },
        {
          "type": "icon",
          "assetId": "0G57m0_jjOWM",
          "checksum": "627ae9c7960cef294eb25d9291371d7e"
        },
        {
          "type": "icon",
          "assetId": "HJ2LX2Z4Nt5V",
          "checksum": "7e4720b77d147421411ccbbd630c3bb2"
        },
        {
          "type": "image",
          "assetId": "5TxUmL1aXmrv",
          "checksum": "05deef8edb36ea900f20fb66e8ec4d0d"
        },
        {
          "type": "image",
          "assetId": "_aRe5KDHbJ0s",
          "checksum": "3795a1f46aac8368b1304ef1459d0179"
        },
        {
          "type": "renderModule",
          "assetId": "FYVyu1h3mPQf",
          "checksum": "90d882cd4821789a491255521ec8d27a"
        },
        {
          "type": "cssRules",
          "assetId": "FYVyu1h3mPQf",
          "checksum": "90d882cd4821789a491255521ec8d27a"
        },
        {
          "type": "icon",
          "assetId": "hs1r53dOSjtc",
          "checksum": "e913cfebc6b4a4a7ddded4ac4aef35fb"
        },
        {
          "type": "renderModule",
          "assetId": "0wu_ZE1f8SuT",
          "checksum": "86429796585438777f456d295ac1fd69"
        },
        {
          "type": "cssRules",
          "assetId": "0wu_ZE1f8SuT",
          "checksum": "86429796585438777f456d295ac1fd69"
        },
        {
          "type": "renderModule",
          "assetId": "nYtkLnbqtkXY",
          "checksum": "53e3008b8bcb07519fa534392e403832"
        },
        {
          "type": "cssRules",
          "assetId": "nYtkLnbqtkXY",
          "checksum": "53e3008b8bcb07519fa534392e403832"
        },
        {
          "type": "icon",
          "assetId": "5cMRv2c3LIXT",
          "checksum": "736de06b19ba5912c6fc11979a22ffa3"
        },
        {
          "type": "renderModule",
          "assetId": "L5_xWrUT2kGZ",
          "checksum": "085ce7bd6f5270bb705b08dc7650e48f"
        },
        {
          "type": "cssRules",
          "assetId": "L5_xWrUT2kGZ",
          "checksum": "085ce7bd6f5270bb705b08dc7650e48f"
        },
        {
          "type": "renderModule",
          "assetId": "42tFBTdMKvt2",
          "checksum": "c8f829027ec01c58547ab0f82eb75f7d"
        },
        {
          "type": "cssRules",
          "assetId": "42tFBTdMKvt2",
          "checksum": "c8f829027ec01c58547ab0f82eb75f7d"
        },
        {
          "type": "icon",
          "assetId": "BJgqZU7jDRod",
          "checksum": "c6b6c46a785565822c4945d4d8899b24"
        },
        {
          "type": "icon",
          "assetId": "uRGFXzJKMzcg",
          "checksum": "bafc58848c48d5c91cd59c51abbf3936"
        },
        {
          "type": "icon",
          "assetId": "qXnLr7su52Ln",
          "checksum": "a377b2323ffd26da0412968a70922048"
        },
        {
          "type": "renderModule",
          "assetId": "vS0KxsSJaPFY",
          "checksum": "ca340c0b7f1b4ac9fff5eb1e87bc54dc"
        },
        {
          "type": "cssRules",
          "assetId": "vS0KxsSJaPFY",
          "checksum": "ca340c0b7f1b4ac9fff5eb1e87bc54dc"
        },
        {
          "type": "renderModule",
          "assetId": "GjxR5_VkIiX-",
          "checksum": "75c4ed5e851ea0e100c18dad9ced5509"
        },
        {
          "type": "cssRules",
          "assetId": "GjxR5_VkIiX-",
          "checksum": "75c4ed5e851ea0e100c18dad9ced5509"
        },
        {
          "type": "icon",
          "assetId": "Fb3NI24dY_eQ",
          "checksum": "63bcd22638deb6d5d8f1d2dd5f02051c"
        },
        {
          "type": "icon",
          "assetId": "CxovwxdEk-fa",
          "checksum": "f02c83f2fbdfe566094c1aa4264c5886"
        },
        {
          "type": "icon",
          "assetId": "qY2SZVT8yfvr",
          "checksum": "e18f5f5b2ca3c82435dec7aa68fa8823"
        },
        {
          "type": "icon",
          "assetId": "QhChLujGPm3A",
          "checksum": "fb0e2576e745fa5ec9c0bfa3fbab75c0"
        },
        {
          "type": "icon",
          "assetId": "0EP3x6e2dNEM",
          "checksum": "49ecb9a0008564065c397d61c52a6723"
        },
        {
          "type": "image",
          "assetId": "P-HTm7YJqKuv",
          "checksum": "cf2430d32f51b8cb2f64dd7ca6a1fe79"
        },
        {
          "type": "image",
          "assetId": "8pLHNiR0fKD9",
          "checksum": "d55bca1f1d2bf98c620e8a787eef7192"
        },
        {
          "type": "image",
          "assetId": "EeuvlFfa15v3",
          "checksum": "45948c5d8658cf2ff30ba23c612f0a33"
        },
        {
          "type": "image",
          "assetId": "YH6H3jScn0WB",
          "checksum": "ef0171ba1a842dd0c74ec915f6c2353a"
        },
        {
          "type": "image",
          "assetId": "jG-Tiank7elA",
          "checksum": "43d43336abc0f1c5e51f61447288dab3"
        },
        {
          "type": "image",
          "assetId": "JeRQ2y197_Ww",
          "checksum": "d058220033d0920bb74bac450ae1ace1"
        },
        {
          "type": "image",
          "assetId": "MnaFW8dBUy5x",
          "checksum": "c6a4406f9e06dd74014b574d82f6d728"
        },
        {
          "type": "image",
          "assetId": "hNHgXBzKWP60",
          "checksum": "4741e462c07750f70ba1dae9afdc5905"
        },
        {
          "type": "image",
          "assetId": "Uit8pQb37kNP",
          "checksum": "387bb6bc2e0d16455681149a492b7ab8"
        },
        {
          "type": "image",
          "assetId": "1Ja16OWQ-Pbo",
          "checksum": "6d0af842eaa95d425c8fb0334ff09b55"
        },
        {
          "type": "image",
          "assetId": "2rcQLvtNnYOt",
          "checksum": "1a1864bb9181ce7be8cc20f3f514f577"
        },
        {
          "type": "image",
          "assetId": "jzqoDzPbmRnt",
          "checksum": "d407ae0a8b0c612f5b0327620b234733"
        },
        {
          "type": "image",
          "assetId": "-x_MLLphhOTU",
          "checksum": "8f671515284a97b87070c40c920a7ee1"
        },
        {
          "type": "image",
          "assetId": "_hr6G9OGg_SE",
          "checksum": "7c6150f35322686e4bef122e31b28099"
        },
        {
          "type": "image",
          "assetId": "qJxA2CpaWaCJ",
          "checksum": "e95e287bc033a500355c5121bcd02725"
        },
        {
          "type": "image",
          "assetId": "9jvR1TtOlwzc",
          "checksum": "1bc7193b7c985112a6d9bb4079f2ce79"
        },
        {
          "type": "image",
          "assetId": "bXZcnPl-n0s3",
          "checksum": "8a28229bba951951aca30f48f03a00b3"
        },
        {
          "type": "image",
          "assetId": "WhgvBY9KLyh7",
          "checksum": "4f4abb95217723259115d11d9b341249"
        },
        {
          "type": "image",
          "assetId": "uUOlYcm5ieM2",
          "checksum": "462a8e8a1e1828c701df95dc16ec0cad"
        },
        {
          "type": "image",
          "assetId": "hnXqASwJJNNl",
          "checksum": "1971ad116a933378494c49becfb5879c"
        },
        {
          "type": "image",
          "assetId": "AhivsikXJeEe",
          "checksum": "21423b5d4408549ea98e1f8014818369"
        },
        {
          "type": "image",
          "assetId": "XYJGUpj20qd1",
          "checksum": "a41b4e978471b9816757ab4b283510aa"
        },
        {
          "type": "image",
          "assetId": "rT_GdzQWd6Sc",
          "checksum": "c82d304129e6741cd12e43e06f7f01ac"
        },
        {
          "type": "image",
          "assetId": "L7UOVGJS4lDl",
          "checksum": "b31089fb172da3fa37062517170c3837"
        },
        {
          "type": "image",
          "assetId": "q-MD7tp5g-Lw",
          "checksum": "556ad1dc2be1745515705ada4a0e5337"
        },
        {
          "type": "image",
          "assetId": "MjaNM4jC6ycw",
          "checksum": "3f8abc21f41242e679913435df077208"
        },
        {
          "type": "image",
          "assetId": "5Sztgs4cnizF",
          "checksum": "fb6100c6b38f0ce2bb641064bc0b0ba0"
        },
        {
          "type": "image",
          "assetId": "KJbpbzaQ7NQX",
          "checksum": "8d7385c2fb44f61d44c00b48332dd7e1"
        },
        {
          "type": "image",
          "assetId": "TmgQMgyhJQ_q",
          "checksum": "f83fa28d06b180f57567449d2a3ecdaa"
        },
        {
          "type": "image",
          "assetId": "wNCKCXD14Mvt",
          "checksum": "0e885c58d7c33d0fe4e5aab20f33b668"
        },
        {
          "type": "image",
          "assetId": "XZ9NCSYbWzXd",
          "checksum": "f8aeccae6e8a26392cd02c2d01e2290b"
        },
        {
          "type": "image",
          "assetId": "6t4ikhcdDfVE",
          "checksum": "47dfb72c2b462194b71b3b9baa265110"
        },
        {
          "type": "image",
          "assetId": "m-8KrbLlAvEl",
          "checksum": "1d6abdea6ccfaf8701b61988974df855"
        },
        {
          "type": "image",
          "assetId": "V_EBqSEbQUiD",
          "checksum": "01abb9b0d5c95ee926a9b10e28344c5a"
        },
        {
          "type": "image",
          "assetId": "VHaBRqqAH3US",
          "checksum": "02fdfa9020b0938b8d17940b5e4c761f"
        },
        {
          "type": "image",
          "assetId": "GoK8KcOQvZ63",
          "checksum": "77e380a31d5045acf659158003852481"
        },
        {
          "type": "icon",
          "assetId": "v6n1zIPv27O2",
          "checksum": "1694dfafb710f3cae0a27b6a908becf2"
        },
        {
          "type": "icon",
          "assetId": "b5udc-7LsSfj",
          "checksum": "46bbd711642d6b26c63081760855b4a6"
        },
        {
          "type": "renderModule",
          "assetId": "Nb8_yMmNDQBL",
          "checksum": "5dd6ae10ec8b526050484d67d8997bf6"
        },
        {
          "type": "cssRules",
          "assetId": "Nb8_yMmNDQBL",
          "checksum": "5dd6ae10ec8b526050484d67d8997bf6"
        },
        {
          "type": "renderModule",
          "assetId": "X-9VpIiu6hFS",
          "checksum": "51dbde1b579d845fc975a59569e83973"
        },
        {
          "type": "cssRules",
          "assetId": "X-9VpIiu6hFS",
          "checksum": "51dbde1b579d845fc975a59569e83973"
        },
        {
          "type": "renderModule",
          "assetId": "E5TSAr0YUe-f",
          "checksum": "62d3fb53d140508577bb340a6bb51d34"
        },
        {
          "type": "cssRules",
          "assetId": "E5TSAr0YUe-f",
          "checksum": "62d3fb53d140508577bb340a6bb51d34"
        },
        {
          "type": "icon",
          "assetId": "jMNe5-7d21G2",
          "checksum": "60a571e252cd521c1cf07ef79e7b051e"
        },
        {
          "type": "icon",
          "assetId": "OIDEPoNHloLG",
          "checksum": "32378a6e08760896de3daa2ecd7804fa"
        },
        {
          "type": "icon",
          "assetId": "HgQYhkkm0Ka5",
          "checksum": "e1ac1b8d5f5ca8cec76f07f09cee0f53"
        },
        {
          "type": "icon",
          "assetId": "bHfuuITQLHi4",
          "checksum": "17960152b4a9229f77fbef968b6ff222"
        },
        {
          "type": "icon",
          "assetId": "6wv6xVyygztT",
          "checksum": "5df842d258f3911da9cd66b253edd34c"
        },
        {
          "type": "icon",
          "assetId": "7frBG1PHIIzR",
          "checksum": "f491fa7ff09ecb0a891859863e89918d"
        },
        {
          "type": "icon",
          "assetId": "lKicGKzBI3Rv",
          "checksum": "dbd07a668d799a50391c82d22a42bbd7"
        },
        {
          "type": "icon",
          "assetId": "v1lJU3Sg9cuo",
          "checksum": "0cedb711c9b857a1c586690b814db7a8"
        },
        {
          "type": "icon",
          "assetId": "I-Qer-jgPJtD",
          "checksum": "abacf78efa270f65bb58df2d4fe80850"
        },
        {
          "type": "image",
          "assetId": "nrYjmLKYFPi_",
          "checksum": "e2cc6de057d7f00943a131919eee47d9"
        },
        {
          "type": "image",
          "assetId": "b5TXx0bICNup",
          "checksum": "74a9016021268f769b84f4f193323a46"
        },
        {
          "type": "renderModule",
          "assetId": "xi8G6lqOVIEm",
          "checksum": "3a268d08f41b98a25c8cf7afd816a2ef"
        },
        {
          "type": "cssRules",
          "assetId": "xi8G6lqOVIEm",
          "checksum": "3a268d08f41b98a25c8cf7afd816a2ef"
        },
        {
          "type": "renderModule",
          "assetId": "UFxHTEumlkK8",
          "checksum": "6d096bf229c9e74a94e7394ada2f71f7"
        },
        {
          "type": "cssRules",
          "assetId": "UFxHTEumlkK8",
          "checksum": "6d096bf229c9e74a94e7394ada2f71f7"
        },
        {
          "type": "renderModule",
          "assetId": "Cbq_rTXOD16b",
          "checksum": "c27348a6b09de4a7508eb1471e442ba2"
        },
        {
          "type": "cssRules",
          "assetId": "Cbq_rTXOD16b",
          "checksum": "c27348a6b09de4a7508eb1471e442ba2"
        },
        {
          "type": "renderModule",
          "assetId": "BuU6Li81m0zv",
          "checksum": "4db8766b169e1e6c51838857ade5bb32"
        },
        {
          "type": "cssRules",
          "assetId": "BuU6Li81m0zv",
          "checksum": "4db8766b169e1e6c51838857ade5bb32"
        },
        {
          "type": "renderModule",
          "assetId": "tqHTZfyBziuN",
          "checksum": "b1f114fd2525b0b381d5d9c1aa88a265"
        },
        {
          "type": "cssRules",
          "assetId": "tqHTZfyBziuN",
          "checksum": "b1f114fd2525b0b381d5d9c1aa88a265"
        },
        {
          "type": "icon",
          "assetId": "HLD8_-PsRU_m",
          "checksum": "2d98cb8720a6f088bbcae22700d813a4"
        },
        {
          "type": "icon",
          "assetId": "vWaZXlBhSJ2b",
          "checksum": "39178981a75e8d83e62796ff5136e720"
        },
        {
          "type": "renderModule",
          "assetId": "Y4-ibBMrkvma",
          "checksum": "1640a1559a926d3a98078314ec1902d5"
        },
        {
          "type": "cssRules",
          "assetId": "Y4-ibBMrkvma",
          "checksum": "1640a1559a926d3a98078314ec1902d5"
        },
        {
          "type": "renderModule",
          "assetId": "N2OZ5reJWy2r",
          "checksum": "3b1de0033bfa5e57f082d5beed906db7"
        },
        {
          "type": "cssRules",
          "assetId": "N2OZ5reJWy2r",
          "checksum": "3b1de0033bfa5e57f082d5beed906db7"
        },
        {
          "type": "icon",
          "assetId": "hHYxopWBHknS",
          "checksum": "cba3a37b5e1f951794e2f6c651e66505"
        },
        {
          "assetId": "afXULSfGYmou2jFpEc2QWJ",
          "type": "projectCss",
          "checksum": "549f4eafb5e973b15e8680bd72500999"
        }
      ],
      "codegenVersion": "0.0.1"
    },
    {
      "projectId": "jkU633o1Cz7HrJdwdxhVHk",
      "version": "16.13.0",
      "dependencies": {},
      "lang": "ts",
      "fileLocks": [
        {
          "assetId": "jkU633o1Cz7HrJdwdxhVHk",
          "type": "projectCss",
          "checksum": "cf57d229ecea50678d9d8d3bc0e3dd9b"
        }
      ],
      "codegenVersion": "0.0.1"
    },
    {
      "projectId": "ohDidvG9XsCeFumugENU3J",
      "version": "6.28.0",
      "dependencies": {},
      "lang": "ts",
      "fileLocks": [
        {
          "assetId": "ohDidvG9XsCeFumugENU3J",
          "checksum": "de0a0e65174a6a185a8f822af51c6bdd",
          "type": "globalContexts"
        },
        {
          "assetId": "ohDidvG9XsCeFumugENU3J",
          "type": "projectCss",
          "checksum": "ba2a60a163fca4f4d510275088a2be53"
        }
      ],
      "codegenVersion": "0.0.1"
    },
    {
      "projectId": "YUiM7yqBWAqsh8KSnrdj7",
      "version": "0.33.0",
      "dependencies": {},
      "lang": "ts",
      "fileLocks": [
        {
          "assetId": "YUiM7yqBWAqsh8KSnrdj7",
          "type": "projectCss",
          "checksum": "21b499a9da4edbc2266c72c2ba127787"
        }
      ],
      "codegenVersion": "0.0.1"
    },
    {
      "projectId": "gLnoj82AzKVVT7qXiqAbHD",
      "version": "2.14.0",
      "dependencies": {},
      "lang": "ts",
      "fileLocks": [
        {
          "type": "renderModule",
          "assetId": "lBHNzts6tFyj",
          "checksum": "245a58fc7b2227b194c2e374efeb7ec9"
        },
        {
          "type": "cssRules",
          "assetId": "lBHNzts6tFyj",
          "checksum": "245a58fc7b2227b194c2e374efeb7ec9"
        },
        {
          "type": "icon",
          "assetId": "zq2s7N0xWucT",
          "checksum": "7691da81b3fdb3bd85f62a09bf3c2cc7"
        },
        {
          "type": "icon",
          "assetId": "8K40faRNhuCj",
          "checksum": "4fedd32cd8730884585d804464a39318"
        },
        {
          "assetId": "gLnoj82AzKVVT7qXiqAbHD",
          "type": "projectCss",
          "checksum": "1c02168c6b23256606111fdfdbb63549"
        }
      ],
      "codegenVersion": "0.0.1"
    },
    {
      "projectId": "vqeFwpZFQ6buChy6T9PGwQ",
      "version": "0.12.0",
      "dependencies": {},
      "lang": "ts",
      "fileLocks": [
        {
          "assetId": "vqeFwpZFQ6buChy6T9PGwQ",
          "type": "projectCss",
          "checksum": "1c02168c6b23256606111fdfdbb63549"
        }
      ],
      "codegenVersion": "0.0.1"
    },
    {
      "projectId": "gmeH6XgPaBtkt51HunAo4g",
      "version": "18.12.0",
      "dependencies": {},
      "lang": "ts",
      "fileLocks": [
        {
          "assetId": "gmeH6XgPaBtkt51HunAo4g",
          "type": "projectCss",
          "checksum": "1c02168c6b23256606111fdfdbb63549"
        }
      ],
      "codegenVersion": "0.0.1"
    }
  ],
  "cliVersion": "0.1.331"
}
