{
  "projects": [
    {
      "projectId": "9UibdRruyX43DxnB8Q1QXF",
      "version": "0.7.0",
      "dependencies": {},
      "lang": "ts",
      "fileLocks": [
        {
          "assetId": "9UibdRruyX43DxnB8Q1QXF",
          "checksum": "58d030779e1ed4e71b853cd4789790ad",
          "type": "projectModule"
        },
        {
          "assetId": "9UibdRruyX43DxnB8Q1QXF",
          "checksum": "7fd6c16648c89526436e3ccf7058d535",
          "type": "styleTokensProvider"
        },
        {
          "assetId": "9UibdRruyX43DxnB8Q1QXF",
          "type": "projectCss",
          "checksum": "56a5d447501c0753e4cf451641894e78"
        }
      ],
      "codegenVersion": "0.0.2"
    },
    {
      "projectId": "8PtdGodUbexNYgkuyBUcWu",
      "version": "3.33.0",
      "dependencies": {},
      "lang": "ts",
      "fileLocks": [
        {
          "assetId": "8PtdGodUbexNYgkuyBUcWu",
          "checksum": "c34deae3be4116372b8f09a576ea3a01",
          "type": "globalContexts"
        },
        {
          "assetId": "8PtdGodUbexNYgkuyBUcWu",
          "checksum": "23e35f9a7b22b3e265a5e7ef8ec77a00",
          "type": "projectModule"
        },
        {
          "assetId": "8PtdGodUbexNYgkuyBUcWu",
          "checksum": "93aee08be21f85d0d66923edea65bed0",
          "type": "styleTokensProvider"
        },
        {
          "assetId": "8PtdGodUbexNYgkuyBUcWu",
          "type": "projectCss",
          "checksum": "d0036c38cf1abb3618c71ab68a296b2b"
        }
      ],
      "codegenVersion": "0.0.2"
    },
    {
      "projectId": "caTPwKxj5ZrD9LQ7DMdK4Z",
      "version": "3.48.0",
      "dependencies": {},
      "lang": "ts",
      "fileLocks": [
        {
          "assetId": "caTPwKxj5ZrD9LQ7DMdK4Z",
          "checksum": "efdcd613ac98718578f9c563cd75fd38",
          "type": "projectModule"
        },
        {
          "assetId": "caTPwKxj5ZrD9LQ7DMdK4Z",
          "checksum": "da63876a1ab2ffe408f66af115d28c46",
          "type": "styleTokensProvider"
        },
        {
          "assetId": "caTPwKxj5ZrD9LQ7DMdK4Z",
          "type": "projectCss",
          "checksum": "56a5d447501c0753e4cf451641894e78"
        }
      ],
      "codegenVersion": "0.0.2"
    },
    {
      "projectId": "oBJtsp5RgVpcN6KCrDTuQT",
      "version": "1.4.1",
      "dependencies": {},
      "lang": "ts",
      "fileLocks": [
        {
          "type": "globalVariant",
          "assetId": "BR2UhI7ulpvR",
          "checksum": "97e2876490bc355d078829b7dae64a0e"
        },
        {
          "assetId": "oBJtsp5RgVpcN6KCrDTuQT",
          "checksum": "6c9fbc9f2ec4a1ceaaefb44712f79cc3",
          "type": "projectModule"
        },
        {
          "assetId": "oBJtsp5RgVpcN6KCrDTuQT",
          "checksum": "98bbcae1659bde715f1d37a652b03e5d",
          "type": "styleTokensProvider"
        },
        {
          "type": "icon",
          "assetId": "rDjUqSUK3eUM",
          "checksum": "dc694b0d96500d968b028761de044bfb"
        },
        {
          "type": "icon",
          "assetId": "r9Upp9NbiZkf",
          "checksum": "388abe0d0974b9435dbc07e7c61ce890"
        },
        {
          "type": "icon",
          "assetId": "GHdF3hS-oP_3",
          "checksum": "d1129e1d27546b4a318339a15d36e0d4"
        },
        {
          "type": "icon",
          "assetId": "YXreB8gS3SjV",
          "checksum": "ca2631bf2709ffbede9d58e334b189c2"
        },
        {
          "type": "icon",
          "assetId": "aC_QFogxt1Ko",
          "checksum": "40826931fc07f5187ffde35ef60967ac"
        },
        {
          "type": "icon",
          "assetId": "GRY2zHJ6uxOn",
          "checksum": "2c083501909d59cfe0ea7cb7996fd28f"
        },
        {
          "type": "icon",
          "assetId": "jHvDymIOvRnf",
          "checksum": "84d13f836314ba0ae512b9de48d93ed8"
        },
        {
          "type": "icon",
          "assetId": "9zdEG9CdGbdC",
          "checksum": "1f171a0800233f1442e7d2bccf80579f"
        },
        {
          "type": "icon",
          "assetId": "7Dhq6fgU-utK",
          "checksum": "003bc64498c90a5ed36c936068dc4683"
        },
        {
          "type": "icon",
          "assetId": "J8ozh55UiWsA",
          "checksum": "19a0a611bce8a3d484988dddeb495d93"
        },
        {
          "type": "icon",
          "assetId": "rW7v27ONOoUe",
          "checksum": "476c4be86c53c8d47ebd015f1f233531"
        },
        {
          "type": "icon",
          "assetId": "4D7uZNf6OjbV",
          "checksum": "94ac616e9797414d3046614537d876cf"
        },
        {
          "type": "icon",
          "assetId": "e2zWN9c_lxv7",
          "checksum": "591ebad6685d5cc4223ef54e27e1bf20"
        },
        {
          "type": "icon",
          "assetId": "WTtCf_1I-uMv",
          "checksum": "881576dd6a5158925fb577365f5f4301"
        },
        {
          "type": "icon",
          "assetId": "eZfYsLpdWQA_",
          "checksum": "7440dc6e52053f9c038bd9ab1b6c1cbc"
        },
        {
          "type": "icon",
          "assetId": "NSxX1Iy4jDVL",
          "checksum": "1870bb10d69e41e51b2c4984bb220cb6"
        },
        {
          "type": "icon",
          "assetId": "dmfb3Ga2IoVt",
          "checksum": "599824abe1db0900e0d9d3f6bca69e5e"
        },
        {
          "type": "icon",
          "assetId": "BamIPHX72k5k",
          "checksum": "ae62abe807cf03508778b8b81a1dfa45"
        },
        {
          "type": "icon",
          "assetId": "zb1oqVXdrxPK",
          "checksum": "09f0104eff9c3b860c3bb51327a85a50"
        },
        {
          "type": "icon",
          "assetId": "oob3UzcKBsd_",
          "checksum": "0faac4bbfe9ecf64e494d37a142bd0c3"
        },
        {
          "type": "icon",
          "assetId": "qxWwW7vbw7na",
          "checksum": "f8591da4e1feb7d84363e9c5423f223e"
        },
        {
          "type": "icon",
          "assetId": "vu4uxcIH4gVk",
          "checksum": "a7b07b5c256d64d85dd8f30c503e4dfa"
        },
        {
          "type": "icon",
          "assetId": "0Ejs1gKiFp1s",
          "checksum": "64dff2de85197c4126670ebfcef257d0"
        },
        {
          "type": "image",
          "assetId": "ijbf5URccsnE",
          "checksum": "871858b983feb6fdf32268fce7608bc6"
        },
        {
          "assetId": "oBJtsp5RgVpcN6KCrDTuQT",
          "type": "projectCss",
          "checksum": "8c0f8fcb42975987402641e058fc370a"
        }
      ],
      "codegenVersion": "0.0.2"
    },
    {
      "projectId": "sqPBLwEBBKHA2WDuGb17eV",
      "version": "2.10.0",
      "dependencies": {},
      "lang": "ts",
      "fileLocks": [
        {
          "assetId": "sqPBLwEBBKHA2WDuGb17eV",
          "checksum": "9336f76952c0d97c64ae4e3da40cf418",
          "type": "projectModule"
        },
        {
          "assetId": "sqPBLwEBBKHA2WDuGb17eV",
          "checksum": "658e0356764fc2dbe61e58258e60bb72",
          "type": "styleTokensProvider"
        },
        {
          "type": "renderModule",
          "assetId": "5nirPCGmCnRD",
          "checksum": "25f067246c917b7b0ae15609a16f452c"
        },
        {
          "type": "cssRules",
          "assetId": "5nirPCGmCnRD",
          "checksum": "25f067246c917b7b0ae15609a16f452c"
        },
        {
          "type": "icon",
          "assetId": "Wyt3GMMsLefj",
          "checksum": "deaf3f5a9deac5496bb1f95e8d12632e"
        },
        {
          "type": "icon",
          "assetId": "MbDRsJU0e3bw",
          "checksum": "9d51d53684707877b3fd221333160d5b"
        },
        {
          "assetId": "sqPBLwEBBKHA2WDuGb17eV",
          "type": "projectCss",
          "checksum": "56a5d447501c0753e4cf451641894e78"
        }
      ],
      "codegenVersion": "0.0.2"
    },
    {
      "projectId": "kS7YGZfVr6mU43XDQjXELc",
      "version": "0.24.0",
      "dependencies": {},
      "lang": "ts",
      "fileLocks": [
        {
          "assetId": "kS7YGZfVr6mU43XDQjXELc",
          "checksum": "29aedc69d21f4efbbdc5047eb2da9f98",
          "type": "projectModule"
        },
        {
          "assetId": "kS7YGZfVr6mU43XDQjXELc",
          "checksum": "2271a0c818b7920f25be26ac38f11a27",
          "type": "styleTokensProvider"
        },
        {
          "assetId": "kS7YGZfVr6mU43XDQjXELc",
          "type": "projectCss",
          "checksum": "56a5d447501c0753e4cf451641894e78"
        }
      ],
      "codegenVersion": "0.0.2"
    },
    {
      "projectId": "aEHVN5v6mfM4eovDsL8Z7d",
      "version": "0.7.0",
      "dependencies": {},
      "lang": "ts",
      "fileLocks": [
        {
          "assetId": "aEHVN5v6mfM4eovDsL8Z7d",
          "checksum": "cbf063cb4dae9328d775c63cc6164caa",
          "type": "projectModule"
        },
        {
          "assetId": "aEHVN5v6mfM4eovDsL8Z7d",
          "checksum": "743483df409aa3756ba1a3a9fc3b3769",
          "type": "styleTokensProvider"
        },
        {
          "assetId": "aEHVN5v6mfM4eovDsL8Z7d",
          "type": "projectCss",
          "checksum": "56a5d447501c0753e4cf451641894e78"
        }
      ],
      "codegenVersion": "0.0.2"
    },
    {
      "projectId": "gmeH6XgPaBtkt51HunAo4g",
      "version": "18.29.0",
      "dependencies": {},
      "lang": "ts",
      "fileLocks": [
        {
          "assetId": "gmeH6XgPaBtkt51HunAo4g",
          "checksum": "b257914c183ee7b8f06149f466106930",
          "type": "projectModule"
        },
        {
          "assetId": "gmeH6XgPaBtkt51HunAo4g",
          "checksum": "4b5f09b218e05c2944d99d725c0d2de2",
          "type": "styleTokensProvider"
        },
        {
          "assetId": "gmeH6XgPaBtkt51HunAo4g",
          "type": "projectCss",
          "checksum": "56a5d447501c0753e4cf451641894e78"
        }
      ],
      "codegenVersion": "0.0.2"
    },
    {
      "projectId": "vqeFwpZFQ6buChy6T9PGwQ",
      "version": "0.18.0",
      "dependencies": {},
      "lang": "ts",
      "fileLocks": [
        {
          "assetId": "vqeFwpZFQ6buChy6T9PGwQ",
          "checksum": "852bc7aff0729539a82a317c992e63c4",
          "type": "projectModule"
        },
        {
          "assetId": "vqeFwpZFQ6buChy6T9PGwQ",
          "checksum": "31971a2779dda132fb00142d78c6b416",
          "type": "styleTokensProvider"
        },
        {
          "assetId": "vqeFwpZFQ6buChy6T9PGwQ",
          "type": "projectCss",
          "checksum": "56a5d447501c0753e4cf451641894e78"
        }
      ],
      "codegenVersion": "0.0.2"
    },
    {
      "projectId": "gLnoj82AzKVVT7qXiqAbHD",
      "version": "2.20.0",
      "dependencies": {},
      "lang": "ts",
      "fileLocks": [
        {
          "assetId": "gLnoj82AzKVVT7qXiqAbHD",
          "checksum": "de3a11139ed902846dc8fc622ecb67ee",
          "type": "projectModule"
        },
        {
          "assetId": "gLnoj82AzKVVT7qXiqAbHD",
          "checksum": "bfc9c6a976afa8381b426005237aa1b9",
          "type": "styleTokensProvider"
        },
        {
          "type": "renderModule",
          "assetId": "lBHNzts6tFyj",
          "checksum": "2fb7c2f410243404f3d0c06fe8a29826"
        },
        {
          "type": "cssRules",
          "assetId": "lBHNzts6tFyj",
          "checksum": "2fb7c2f410243404f3d0c06fe8a29826"
        },
        {
          "type": "icon",
          "assetId": "zq2s7N0xWucT",
          "checksum": "bd85295cedaeac0de29b4aa0716fc5ad"
        },
        {
          "type": "icon",
          "assetId": "8K40faRNhuCj",
          "checksum": "d2e49d902b3cffb3c7e3d761d5f3f5af"
        },
        {
          "assetId": "gLnoj82AzKVVT7qXiqAbHD",
          "type": "projectCss",
          "checksum": "56a5d447501c0753e4cf451641894e78"
        }
      ],
      "codegenVersion": "0.0.2"
    },
    {
      "projectId": "h9Dbk9ygddw7UVEq1NNhKi",
      "version": "8.2.0",
      "dependencies": {
        "sqPBLwEBBKHA2WDuGb17eV": "2.9.0",
        "oBJtsp5RgVpcN6KCrDTuQT": "1.4.1",
        "caTPwKxj5ZrD9LQ7DMdK4Z": "3.45.0",
        "8PtdGodUbexNYgkuyBUcWu": "3.32.0",
        "9UibdRruyX43DxnB8Q1QXF": "0.6.0"
      },
      "lang": "ts",
      "fileLocks": [
        {
          "type": "globalVariant",
          "assetId": "QmLtHiTXdNxv",
          "checksum": "41169a50389ce88f4c092c4e061cb475"
        },
        {
          "assetId": "h9Dbk9ygddw7UVEq1NNhKi",
          "checksum": "6b53c22c6c8b1bdc6fbf001af99b561e",
          "type": "globalContexts"
        },
        {
          "assetId": "h9Dbk9ygddw7UVEq1NNhKi",
          "checksum": "e58d5aa0172aa907f806af258d9d71f8",
          "type": "projectModule"
        },
        {
          "assetId": "h9Dbk9ygddw7UVEq1NNhKi",
          "checksum": "5c0e5fc817ae62fdde8727d7698635d1",
          "type": "styleTokensProvider"
        },
        {
          "type": "renderModule",
          "assetId": "3i84rYjQRrs4",
          "checksum": "d57dabd73ef3d4708ffce907b4d7a4d2"
        },
        {
          "type": "cssRules",
          "assetId": "3i84rYjQRrs4",
          "checksum": "d57dabd73ef3d4708ffce907b4d7a4d2"
        },
        {
          "type": "renderModule",
          "assetId": "oVzoHzMf1TLl",
          "checksum": "034910966b9ab4c4c2bb4b2f7e98fa35"
        },
        {
          "type": "cssRules",
          "assetId": "oVzoHzMf1TLl",
          "checksum": "034910966b9ab4c4c2bb4b2f7e98fa35"
        },
        {
          "type": "renderModule",
          "assetId": "FJiI2-N1is_F",
          "checksum": "feac11bb24f1d3fc1729b89ad4e51ed3"
        },
        {
          "type": "cssRules",
          "assetId": "FJiI2-N1is_F",
          "checksum": "feac11bb24f1d3fc1729b89ad4e51ed3"
        },
        {
          "type": "renderModule",
          "assetId": "1bFBcAoH0lNN",
          "checksum": "dcf8e44a82edaa7555b59967fa277bd5"
        },
        {
          "type": "cssRules",
          "assetId": "1bFBcAoH0lNN",
          "checksum": "dcf8e44a82edaa7555b59967fa277bd5"
        },
        {
          "type": "renderModule",
          "assetId": "fa_t7ELXcm5k",
          "checksum": "b6b20b15a518fc8e099c5ba044626ba1"
        },
        {
          "type": "cssRules",
          "assetId": "fa_t7ELXcm5k",
          "checksum": "b6b20b15a518fc8e099c5ba044626ba1"
        },
        {
          "type": "renderModule",
          "assetId": "CZBpNouNw7Ui",
          "checksum": "c740ead24a06ef138af49bedaf9fbef5"
        },
        {
          "type": "cssRules",
          "assetId": "CZBpNouNw7Ui",
          "checksum": "c740ead24a06ef138af49bedaf9fbef5"
        },
        {
          "type": "renderModule",
          "assetId": "kYXN54tCkD2S",
          "checksum": "08d2a335c9cc0a30746dc5b3349eeda6"
        },
        {
          "type": "cssRules",
          "assetId": "kYXN54tCkD2S",
          "checksum": "08d2a335c9cc0a30746dc5b3349eeda6"
        },
        {
          "type": "icon",
          "assetId": "eCsLCdWP9DST",
          "checksum": "f56f1a2bdf973513b0ac3844b0ea9df4"
        },
        {
          "type": "icon",
          "assetId": "xYtO5aWYRBvW",
          "checksum": "a00dcd2a6b86467d6dc865ec21119d7f"
        },
        {
          "type": "icon",
          "assetId": "RqwNL88PjcHS",
          "checksum": "5404c4d8e38c1036ad0ec8dc654dbc85"
        },
        {
          "type": "icon",
          "assetId": "_Qaeb-4Y8N07",
          "checksum": "60099d3d9950e34fb5491892f02062f9"
        },
        {
          "type": "icon",
          "assetId": "usOc2d77sFG3",
          "checksum": "21fcbc1512399810b92f6dee03b32a32"
        },
        {
          "assetId": "h9Dbk9ygddw7UVEq1NNhKi",
          "type": "projectCss",
          "checksum": "cfa600c6d5e26fc538e0e79d97e634ff"
        }
      ],
      "codegenVersion": "0.0.2"
    },
    {
      "projectId": "YUiM7yqBWAqsh8KSnrdj7",
      "version": "0.39.0",
      "dependencies": {},
      "lang": "ts",
      "fileLocks": [
        {
          "assetId": "YUiM7yqBWAqsh8KSnrdj7",
          "checksum": "7c3f9f2189eb5f1bfd2d5e9568f4495a",
          "type": "projectModule"
        },
        {
          "assetId": "YUiM7yqBWAqsh8KSnrdj7",
          "checksum": "c033e417810287108467e4b2bcfe859b",
          "type": "styleTokensProvider"
        },
        {
          "assetId": "YUiM7yqBWAqsh8KSnrdj7",
          "type": "projectCss",
          "checksum": "ebb8c104b63b9cc3f20a89d589bd5728"
        }
      ],
      "codegenVersion": "0.0.2"
    },
    {
      "projectId": "jkU633o1Cz7HrJdwdxhVHk",
      "version": "16.19.0",
      "dependencies": {},
      "lang": "ts",
      "fileLocks": [
        {
          "assetId": "jkU633o1Cz7HrJdwdxhVHk",
          "checksum": "320a7a2228b83755d4ac8d326d058d87",
          "type": "projectModule"
        },
        {
          "assetId": "jkU633o1Cz7HrJdwdxhVHk",
          "checksum": "7960b5b7525dd06e17502383db49f9ce",
          "type": "styleTokensProvider"
        },
        {
          "assetId": "jkU633o1Cz7HrJdwdxhVHk",
          "type": "projectCss",
          "checksum": "3c7aa3d1871faaf490e3efe4f4d94f73"
        }
      ],
      "codegenVersion": "0.0.2"
    },
    {
      "projectId": "ohDidvG9XsCeFumugENU3J",
      "version": "6.35.0",
      "dependencies": {},
      "lang": "ts",
      "fileLocks": [
        {
          "assetId": "ohDidvG9XsCeFumugENU3J",
          "checksum": "f35a7050af9ad27b5adac4d101d88037",
          "type": "globalContexts"
        },
        {
          "assetId": "ohDidvG9XsCeFumugENU3J",
          "checksum": "c425737058d1ac29382a23e54666cb69",
          "type": "projectModule"
        },
        {
          "assetId": "ohDidvG9XsCeFumugENU3J",
          "checksum": "6bfcc3aa6c00ddfa5fb99a270a1653cd",
          "type": "styleTokensProvider"
        },
        {
          "assetId": "ohDidvG9XsCeFumugENU3J",
          "type": "projectCss",
          "checksum": "c33cca495b4f537180cbc434c3f872b9"
        }
      ],
      "codegenVersion": "0.0.2"
    },
    {
      "projectId": "afXULSfGYmou2jFpEc2QWJ",
      "version": "latest",
      "dependencies": {
        "oBJtsp5RgVpcN6KCrDTuQT": "1.4.1",
        "caTPwKxj5ZrD9LQ7DMdK4Z": "3.48.0",
        "8PtdGodUbexNYgkuyBUcWu": "3.33.0",
        "sqPBLwEBBKHA2WDuGb17eV": "2.10.0",
        "ohDidvG9XsCeFumugENU3J": "6.35.0",
        "jkU633o1Cz7HrJdwdxhVHk": "16.19.0",
        "YUiM7yqBWAqsh8KSnrdj7": "0.39.0",
        "h9Dbk9ygddw7UVEq1NNhKi": "8.2.0",
        "gLnoj82AzKVVT7qXiqAbHD": "2.20.0",
        "vqeFwpZFQ6buChy6T9PGwQ": "0.18.0",
        "gmeH6XgPaBtkt51HunAo4g": "18.29.0",
        "aEHVN5v6mfM4eovDsL8Z7d": "0.7.0",
        "kS7YGZfVr6mU43XDQjXELc": "0.24.0",
        "9UibdRruyX43DxnB8Q1QXF": "0.7.0"
      },
      "lang": "ts",
      "fileLocks": [
        {
          "type": "globalVariant",
          "assetId": "7BS7RtJcMv9t",
          "checksum": "1f34824d4198e9d0624732e6cec125cf"
        },
        {
          "assetId": "afXULSfGYmou2jFpEc2QWJ",
          "checksum": "2ddee7789fcd6f5f379be5c368913c54",
          "type": "globalContexts"
        },
        {
          "assetId": "afXULSfGYmou2jFpEc2QWJ",
          "checksum": "ca6d6b60fb7df4c2a14b2666365bfc84",
          "type": "projectModule"
        },
        {
          "assetId": "afXULSfGYmou2jFpEc2QWJ",
          "checksum": "3757324d81639b6f24acf8f1d763c08d",
          "type": "styleTokensProvider"
        },
        {
          "type": "renderModule",
          "assetId": "SePhlRlvEn3n",
          "checksum": "171ba913ca1f11bfd236cfa70d5b6e19"
        },
        {
          "type": "cssRules",
          "assetId": "SePhlRlvEn3n",
          "checksum": "171ba913ca1f11bfd236cfa70d5b6e19"
        },
        {
          "type": "renderModule",
          "assetId": "7wkEfmUYAcMf",
          "checksum": "a4d8761954286c72cdaa58fa63f0bb6c"
        },
        {
          "type": "cssRules",
          "assetId": "7wkEfmUYAcMf",
          "checksum": "a4d8761954286c72cdaa58fa63f0bb6c"
        },
        {
          "type": "renderModule",
          "assetId": "oVhwmqkQ-eSd",
          "checksum": "c63b0535b8fd2835adfbd265e17d0914"
        },
        {
          "type": "cssRules",
          "assetId": "oVhwmqkQ-eSd",
          "checksum": "c63b0535b8fd2835adfbd265e17d0914"
        },
        {
          "type": "renderModule",
          "assetId": "nwT0EaGINwPy",
          "checksum": "16a783d09200824707fbece23458e488"
        },
        {
          "type": "cssRules",
          "assetId": "nwT0EaGINwPy",
          "checksum": "16a783d09200824707fbece23458e488"
        },
        {
          "type": "renderModule",
          "assetId": "Qholsf4rjRaA",
          "checksum": "090a3a11d75adbea632138000bd91e71"
        },
        {
          "type": "cssRules",
          "assetId": "Qholsf4rjRaA",
          "checksum": "090a3a11d75adbea632138000bd91e71"
        },
        {
          "type": "renderModule",
          "assetId": "aziC0C3kJR0h",
          "checksum": "ebaf732c8516b8df5fb707d7682ca553"
        },
        {
          "type": "cssRules",
          "assetId": "aziC0C3kJR0h",
          "checksum": "ebaf732c8516b8df5fb707d7682ca553"
        },
        {
          "type": "renderModule",
          "assetId": "ZondeLPH5mZC",
          "checksum": "767e83c4fb867c730bd5ff7f7b5876ef"
        },
        {
          "type": "cssRules",
          "assetId": "ZondeLPH5mZC",
          "checksum": "767e83c4fb867c730bd5ff7f7b5876ef"
        },
        {
          "type": "renderModule",
          "assetId": "FYVyu1h3mPQf",
          "checksum": "0180c18f1783cd0aa920fcc8b7dc3ec6"
        },
        {
          "type": "cssRules",
          "assetId": "FYVyu1h3mPQf",
          "checksum": "0180c18f1783cd0aa920fcc8b7dc3ec6"
        },
        {
          "type": "renderModule",
          "assetId": "0wu_ZE1f8SuT",
          "checksum": "69decd6954b01adefe460ec521c16867"
        },
        {
          "type": "cssRules",
          "assetId": "0wu_ZE1f8SuT",
          "checksum": "69decd6954b01adefe460ec521c16867"
        },
        {
          "type": "renderModule",
          "assetId": "nYtkLnbqtkXY",
          "checksum": "61601f95a84b783b302e3a059e0f50ef"
        },
        {
          "type": "cssRules",
          "assetId": "nYtkLnbqtkXY",
          "checksum": "61601f95a84b783b302e3a059e0f50ef"
        },
        {
          "type": "renderModule",
          "assetId": "42tFBTdMKvt2",
          "checksum": "b9fba60c9e1beb0ff3614f23a7bb7476"
        },
        {
          "type": "cssRules",
          "assetId": "42tFBTdMKvt2",
          "checksum": "b9fba60c9e1beb0ff3614f23a7bb7476"
        },
        {
          "type": "renderModule",
          "assetId": "vS0KxsSJaPFY",
          "checksum": "92d07cb14304efa6b207a1a2d301396c"
        },
        {
          "type": "cssRules",
          "assetId": "vS0KxsSJaPFY",
          "checksum": "92d07cb14304efa6b207a1a2d301396c"
        },
        {
          "type": "renderModule",
          "assetId": "X-9VpIiu6hFS",
          "checksum": "b9f796a3a43e1c2aeff797515da65a2e"
        },
        {
          "type": "cssRules",
          "assetId": "X-9VpIiu6hFS",
          "checksum": "b9f796a3a43e1c2aeff797515da65a2e"
        },
        {
          "type": "renderModule",
          "assetId": "E5TSAr0YUe-f",
          "checksum": "83fb012fe8288ea1de48d80a9260ba1f"
        },
        {
          "type": "cssRules",
          "assetId": "E5TSAr0YUe-f",
          "checksum": "83fb012fe8288ea1de48d80a9260ba1f"
        },
        {
          "type": "renderModule",
          "assetId": "xi8G6lqOVIEm",
          "checksum": "e4e24476a1fb0585ea0825af8eb88c8d"
        },
        {
          "type": "cssRules",
          "assetId": "xi8G6lqOVIEm",
          "checksum": "e4e24476a1fb0585ea0825af8eb88c8d"
        },
        {
          "type": "renderModule",
          "assetId": "UFxHTEumlkK8",
          "checksum": "45acd9ca25ce7175cfcfcfb7870fb139"
        },
        {
          "type": "cssRules",
          "assetId": "UFxHTEumlkK8",
          "checksum": "45acd9ca25ce7175cfcfcfb7870fb139"
        },
        {
          "type": "renderModule",
          "assetId": "Cbq_rTXOD16b",
          "checksum": "64ee89e49b2bfc7dbfea42cd4958bdcc"
        },
        {
          "type": "cssRules",
          "assetId": "Cbq_rTXOD16b",
          "checksum": "64ee89e49b2bfc7dbfea42cd4958bdcc"
        },
        {
          "type": "renderModule",
          "assetId": "BuU6Li81m0zv",
          "checksum": "3586f8e928a50bd5d8d51a0a053e605e"
        },
        {
          "type": "cssRules",
          "assetId": "BuU6Li81m0zv",
          "checksum": "3586f8e928a50bd5d8d51a0a053e605e"
        },
        {
          "type": "renderModule",
          "assetId": "tqHTZfyBziuN",
          "checksum": "4afa8b5e3c641611fbbf41cc01c85dad"
        },
        {
          "type": "cssRules",
          "assetId": "tqHTZfyBziuN",
          "checksum": "4afa8b5e3c641611fbbf41cc01c85dad"
        },
        {
          "type": "renderModule",
          "assetId": "Y4-ibBMrkvma",
          "checksum": "de42440a51b6d4a54feb2e9d7a252abc"
        },
        {
          "type": "cssRules",
          "assetId": "Y4-ibBMrkvma",
          "checksum": "de42440a51b6d4a54feb2e9d7a252abc"
        },
        {
          "type": "renderModule",
          "assetId": "N2OZ5reJWy2r",
          "checksum": "9721dbc69194beeb510fc2f5009cb6ed"
        },
        {
          "type": "cssRules",
          "assetId": "N2OZ5reJWy2r",
          "checksum": "9721dbc69194beeb510fc2f5009cb6ed"
        },
        {
          "type": "renderModule",
          "assetId": "M6YdBfvgHP0a",
          "checksum": "98f76a3ece34d3b138e6551710ee9433"
        },
        {
          "type": "cssRules",
          "assetId": "M6YdBfvgHP0a",
          "checksum": "98f76a3ece34d3b138e6551710ee9433"
        },
        {
          "type": "renderModule",
          "assetId": "MmniM6bNfP8F",
          "checksum": "3b69f6537a30e52a7ce9800c3b3cafc3"
        },
        {
          "type": "cssRules",
          "assetId": "MmniM6bNfP8F",
          "checksum": "3b69f6537a30e52a7ce9800c3b3cafc3"
        },
        {
          "type": "renderModule",
          "assetId": "BF9WF06JkxeV",
          "checksum": "230e1fd4fa8fa62e2691618ad811e90d"
        },
        {
          "type": "cssRules",
          "assetId": "BF9WF06JkxeV",
          "checksum": "230e1fd4fa8fa62e2691618ad811e90d"
        },
        {
          "type": "renderModule",
          "assetId": "fXYKZYfose53",
          "checksum": "93c244bb4cd5d4c87c159035622a3699"
        },
        {
          "type": "cssRules",
          "assetId": "fXYKZYfose53",
          "checksum": "93c244bb4cd5d4c87c159035622a3699"
        },
        {
          "type": "renderModule",
          "assetId": "y7cY5QHMxpPK",
          "checksum": "eccfc3ecf62a5843fcefb18efa9d4bbb"
        },
        {
          "type": "cssRules",
          "assetId": "y7cY5QHMxpPK",
          "checksum": "eccfc3ecf62a5843fcefb18efa9d4bbb"
        },
        {
          "type": "renderModule",
          "assetId": "E9Ce2L3VJnq0",
          "checksum": "3dc5af66c5d4e49fe42f7bc9258facdb"
        },
        {
          "type": "cssRules",
          "assetId": "E9Ce2L3VJnq0",
          "checksum": "3dc5af66c5d4e49fe42f7bc9258facdb"
        },
        {
          "type": "renderModule",
          "assetId": "a-KvfqLme6-r",
          "checksum": "85dffecec073773ad43e5cf9ea4c7aca"
        },
        {
          "type": "cssRules",
          "assetId": "a-KvfqLme6-r",
          "checksum": "85dffecec073773ad43e5cf9ea4c7aca"
        },
        {
          "type": "icon",
          "assetId": "fjupp6w2fUeo",
          "checksum": "cee40c6e102511536d38cfa5be90a152"
        },
        {
          "type": "icon",
          "assetId": "VZ6Vl-sB0jLM",
          "checksum": "05ad4a983419028b0326a1f2fc1335cb"
        },
        {
          "type": "icon",
          "assetId": "xEMFaK-yEYgd",
          "checksum": "6614bfdea4bbe7d30e3102b5ccee2bc8"
        },
        {
          "type": "icon",
          "assetId": "WRSXhzCsATtt",
          "checksum": "3a2f1ffe9606e774dfd9613a3ddd2b54"
        },
        {
          "type": "icon",
          "assetId": "vSk8gB06wiRC",
          "checksum": "24576ae06ba419c19b96606fe9174d97"
        },
        {
          "type": "icon",
          "assetId": "eeiQdsLura6L",
          "checksum": "c3396202faa8dbcfc635d36937f61bd8"
        },
        {
          "type": "icon",
          "assetId": "am-XC_8Kxn-x",
          "checksum": "63dfb5784757c7e314e29b956b56af00"
        },
        {
          "type": "icon",
          "assetId": "O8aQDsr69JmZ",
          "checksum": "e9aa2b82bb335570a0549028f6c77a98"
        },
        {
          "type": "icon",
          "assetId": "d5yeENyuZEF8",
          "checksum": "3d26ba7de21475e33be6ce3792dc50b1"
        },
        {
          "type": "icon",
          "assetId": "7-KwYGGksEHB",
          "checksum": "faf526f610a8e43ec48be6f5ea8c66cc"
        },
        {
          "type": "icon",
          "assetId": "-aAWDY9EELMA",
          "checksum": "a7b93a66edc237c879df68803abf8fea"
        },
        {
          "type": "icon",
          "assetId": "DrwBCnVNGOUr",
          "checksum": "48e99a39cbde11981859661451f7c13a"
        },
        {
          "type": "icon",
          "assetId": "Y_qC7oCCXC6M",
          "checksum": "3601952c8e98c2683d9fa843a236b25f"
        },
        {
          "type": "icon",
          "assetId": "Qb_lZSOBxQ0B",
          "checksum": "6cc2f8010b8b9e72531e9dcd334a946f"
        },
        {
          "type": "icon",
          "assetId": "sdf49AtFp7I6",
          "checksum": "b6265c6bc15e9d8214b0557c54132d8c"
        },
        {
          "type": "icon",
          "assetId": "89UX2c4RUbMn",
          "checksum": "20524be05547f2f8248b390d2fab9737"
        },
        {
          "type": "icon",
          "assetId": "fHnEYndpDVQM",
          "checksum": "e744fd0dccabb8998d7c06110e4703f5"
        },
        {
          "type": "icon",
          "assetId": "cjtWk_p-hopr",
          "checksum": "f2b04d5346499eb9efa891e5da7e804e"
        },
        {
          "type": "icon",
          "assetId": "ecBaHl9ZBa7P",
          "checksum": "0178e024e3459a3980102f38b4cb900d"
        },
        {
          "type": "icon",
          "assetId": "eiKe8zEuMZpA",
          "checksum": "ca37cc28fc651c0c08f5b3e3e960d6ca"
        },
        {
          "type": "icon",
          "assetId": "mHP_U4hM0IP3",
          "checksum": "f66f5cbf8ed6963a091353d0e1f5888d"
        },
        {
          "type": "icon",
          "assetId": "qcX1x0KU2hzJ",
          "checksum": "0575a34a8819298894b9c249f655f125"
        },
        {
          "type": "icon",
          "assetId": "RL4rpljbJj9e",
          "checksum": "94a0aa099b544aa00fa5243b3aa4280c"
        },
        {
          "type": "icon",
          "assetId": "KU99EqSwBdmA",
          "checksum": "4388a71f1a7f18f009d9bb71a365a77a"
        },
        {
          "type": "icon",
          "assetId": "0G57m0_jjOWM",
          "checksum": "afd315e71d7d9a0f421d4ee3e163a4dc"
        },
        {
          "type": "icon",
          "assetId": "HJ2LX2Z4Nt5V",
          "checksum": "fc85960700c57bb17b46ad3aaf6c7b85"
        },
        {
          "type": "icon",
          "assetId": "hs1r53dOSjtc",
          "checksum": "2539553a8925cb5951bb2d3218e9032a"
        },
        {
          "type": "icon",
          "assetId": "5cMRv2c3LIXT",
          "checksum": "5085d97372026495f90e85497a4cafc3"
        },
        {
          "type": "icon",
          "assetId": "BJgqZU7jDRod",
          "checksum": "7b0ff0d1787b6af4a2f429e3caf9e864"
        },
        {
          "type": "icon",
          "assetId": "uRGFXzJKMzcg",
          "checksum": "d3f51e27d73434a379a3063ffef69652"
        },
        {
          "type": "icon",
          "assetId": "qXnLr7su52Ln",
          "checksum": "c1db70dfab13658696c5bbd978b89469"
        },
        {
          "type": "icon",
          "assetId": "Fb3NI24dY_eQ",
          "checksum": "efecac7dad71c0595b53518fb7a59733"
        },
        {
          "type": "icon",
          "assetId": "CxovwxdEk-fa",
          "checksum": "7dd5c1e16554862e7d0452a66ab293a4"
        },
        {
          "type": "icon",
          "assetId": "qY2SZVT8yfvr",
          "checksum": "12ddac2a4dee964fd1c221c521842942"
        },
        {
          "type": "icon",
          "assetId": "QhChLujGPm3A",
          "checksum": "af72e4c588ecabae6ec725b1151aec65"
        },
        {
          "type": "icon",
          "assetId": "0EP3x6e2dNEM",
          "checksum": "ee212b40405cee5f10d329bd8c3593cc"
        },
        {
          "type": "icon",
          "assetId": "v6n1zIPv27O2",
          "checksum": "9e0a3e8029b7b8ce82dc834255b36c9e"
        },
        {
          "type": "icon",
          "assetId": "b5udc-7LsSfj",
          "checksum": "bad37fa2f1bc01f1b060307c579e9115"
        },
        {
          "type": "icon",
          "assetId": "jMNe5-7d21G2",
          "checksum": "ea83ad2db3dca27d67337044c3c71a89"
        },
        {
          "type": "icon",
          "assetId": "OIDEPoNHloLG",
          "checksum": "791c32219d691bdebf2d32622a8a1bc5"
        },
        {
          "type": "icon",
          "assetId": "HgQYhkkm0Ka5",
          "checksum": "f8b593dd075d3b2602edeaba9c40095f"
        },
        {
          "type": "icon",
          "assetId": "bHfuuITQLHi4",
          "checksum": "459a73dd84ad21ed30b9c435d2d0fbba"
        },
        {
          "type": "icon",
          "assetId": "6wv6xVyygztT",
          "checksum": "135386f6411c5e5172086005d60f4673"
        },
        {
          "type": "icon",
          "assetId": "7frBG1PHIIzR",
          "checksum": "c9600fa3c13c98789e72123bcdf78985"
        },
        {
          "type": "icon",
          "assetId": "lKicGKzBI3Rv",
          "checksum": "03d8b877102e4aa1e901ce3d5b431cdc"
        },
        {
          "type": "icon",
          "assetId": "v1lJU3Sg9cuo",
          "checksum": "1c337a79769901902a625926e8eda7be"
        },
        {
          "type": "icon",
          "assetId": "I-Qer-jgPJtD",
          "checksum": "6a7ecdcba2465d57086ab48bc5e1eed2"
        },
        {
          "type": "icon",
          "assetId": "HLD8_-PsRU_m",
          "checksum": "24d4375348a9cc77e1c99650ba6e102b"
        },
        {
          "type": "icon",
          "assetId": "vWaZXlBhSJ2b",
          "checksum": "bcb6b8b3b46c971d38651ceb55c146ac"
        },
        {
          "type": "icon",
          "assetId": "hHYxopWBHknS",
          "checksum": "7d819cabe29227b50dc8711597990d82"
        },
        {
          "type": "icon",
          "assetId": "9LnHpep74tBB",
          "checksum": "914cdd3191a82618dbb158dd644938c3"
        },
        {
          "type": "icon",
          "assetId": "BqWt4mC1I6f6",
          "checksum": "5e09db0ccf142ea01529aa20767a7d1e"
        },
        {
          "type": "icon",
          "assetId": "ZLOL59vKkeZc",
          "checksum": "e37ed3323799ab68a2ef20d6162dae83"
        },
        {
          "type": "icon",
          "assetId": "mwPyen4LrNG1",
          "checksum": "27c80ba6930ed9eaba3d4acd22b2d9f4"
        },
        {
          "type": "icon",
          "assetId": "EP_i2IXtsLJs",
          "checksum": "b2cc8a1e0f807e7a98a6e5aa7c46b707"
        },
        {
          "type": "icon",
          "assetId": "jAWmXkrjKTW3",
          "checksum": "8554e652cd1836b5b773f9dbc057a514"
        },
        {
          "type": "icon",
          "assetId": "MwxnRV3Jbx5Y",
          "checksum": "e425093da6b670495ebc109eaf1d6d58"
        },
        {
          "type": "icon",
          "assetId": "ApzBD_j9CWGg",
          "checksum": "275436aa9d898b83b07c3fd3002dd5aa"
        },
        {
          "type": "icon",
          "assetId": "iAW7s13VGmu9",
          "checksum": "69d47b02bc863a7e4c8e8e7575140903"
        },
        {
          "type": "icon",
          "assetId": "xtxGD9pXGJw4",
          "checksum": "99d33e78b02bd8068e46dbeea3ba9089"
        },
        {
          "type": "icon",
          "assetId": "72UEWeMBzzpH",
          "checksum": "f881b26893d5662891ef44c8947afaad"
        },
        {
          "type": "icon",
          "assetId": "fl1ZOZIHaI_u",
          "checksum": "bdfba251dd53b24745567e0395b15f19"
        },
        {
          "type": "icon",
          "assetId": "comSWarmx0fN",
          "checksum": "1947b3f5aaa7375fa0489fde9ef9f329"
        },
        {
          "type": "icon",
          "assetId": "N3q4_1KLSfUU",
          "checksum": "af52b14c8eda05358b7a97bbe6e8515a"
        },
        {
          "type": "icon",
          "assetId": "zST45FWNEENs",
          "checksum": "ec1202fbd1f8fa967f39280c1f5a38ff"
        },
        {
          "type": "icon",
          "assetId": "yLnbozaRO0lR",
          "checksum": "41b1e37fbb0613b4c2f6e097386c69fc"
        },
        {
          "type": "image",
          "assetId": "5TxUmL1aXmrv",
          "checksum": "05deef8edb36ea900f20fb66e8ec4d0d"
        },
        {
          "type": "image",
          "assetId": "_aRe5KDHbJ0s",
          "checksum": "3795a1f46aac8368b1304ef1459d0179"
        },
        {
          "type": "image",
          "assetId": "P-HTm7YJqKuv",
          "checksum": "cf2430d32f51b8cb2f64dd7ca6a1fe79"
        },
        {
          "type": "image",
          "assetId": "8pLHNiR0fKD9",
          "checksum": "d55bca1f1d2bf98c620e8a787eef7192"
        },
        {
          "type": "image",
          "assetId": "EeuvlFfa15v3",
          "checksum": "45948c5d8658cf2ff30ba23c612f0a33"
        },
        {
          "type": "image",
          "assetId": "YH6H3jScn0WB",
          "checksum": "ef0171ba1a842dd0c74ec915f6c2353a"
        },
        {
          "type": "image",
          "assetId": "jG-Tiank7elA",
          "checksum": "43d43336abc0f1c5e51f61447288dab3"
        },
        {
          "type": "image",
          "assetId": "JeRQ2y197_Ww",
          "checksum": "d058220033d0920bb74bac450ae1ace1"
        },
        {
          "type": "image",
          "assetId": "MnaFW8dBUy5x",
          "checksum": "c6a4406f9e06dd74014b574d82f6d728"
        },
        {
          "type": "image",
          "assetId": "hNHgXBzKWP60",
          "checksum": "4741e462c07750f70ba1dae9afdc5905"
        },
        {
          "type": "image",
          "assetId": "Uit8pQb37kNP",
          "checksum": "387bb6bc2e0d16455681149a492b7ab8"
        },
        {
          "type": "image",
          "assetId": "1Ja16OWQ-Pbo",
          "checksum": "6d0af842eaa95d425c8fb0334ff09b55"
        },
        {
          "type": "image",
          "assetId": "2rcQLvtNnYOt",
          "checksum": "1a1864bb9181ce7be8cc20f3f514f577"
        },
        {
          "type": "image",
          "assetId": "jzqoDzPbmRnt",
          "checksum": "d407ae0a8b0c612f5b0327620b234733"
        },
        {
          "type": "image",
          "assetId": "-x_MLLphhOTU",
          "checksum": "8f671515284a97b87070c40c920a7ee1"
        },
        {
          "type": "image",
          "assetId": "_hr6G9OGg_SE",
          "checksum": "7c6150f35322686e4bef122e31b28099"
        },
        {
          "type": "image",
          "assetId": "qJxA2CpaWaCJ",
          "checksum": "e95e287bc033a500355c5121bcd02725"
        },
        {
          "type": "image",
          "assetId": "9jvR1TtOlwzc",
          "checksum": "1bc7193b7c985112a6d9bb4079f2ce79"
        },
        {
          "type": "image",
          "assetId": "bXZcnPl-n0s3",
          "checksum": "8a28229bba951951aca30f48f03a00b3"
        },
        {
          "type": "image",
          "assetId": "WhgvBY9KLyh7",
          "checksum": "4f4abb95217723259115d11d9b341249"
        },
        {
          "type": "image",
          "assetId": "uUOlYcm5ieM2",
          "checksum": "462a8e8a1e1828c701df95dc16ec0cad"
        },
        {
          "type": "image",
          "assetId": "hnXqASwJJNNl",
          "checksum": "1971ad116a933378494c49becfb5879c"
        },
        {
          "type": "image",
          "assetId": "AhivsikXJeEe",
          "checksum": "21423b5d4408549ea98e1f8014818369"
        },
        {
          "type": "image",
          "assetId": "XYJGUpj20qd1",
          "checksum": "a41b4e978471b9816757ab4b283510aa"
        },
        {
          "type": "image",
          "assetId": "rT_GdzQWd6Sc",
          "checksum": "c82d304129e6741cd12e43e06f7f01ac"
        },
        {
          "type": "image",
          "assetId": "L7UOVGJS4lDl",
          "checksum": "b31089fb172da3fa37062517170c3837"
        },
        {
          "type": "image",
          "assetId": "q-MD7tp5g-Lw",
          "checksum": "556ad1dc2be1745515705ada4a0e5337"
        },
        {
          "type": "image",
          "assetId": "MjaNM4jC6ycw",
          "checksum": "3f8abc21f41242e679913435df077208"
        },
        {
          "type": "image",
          "assetId": "5Sztgs4cnizF",
          "checksum": "fb6100c6b38f0ce2bb641064bc0b0ba0"
        },
        {
          "type": "image",
          "assetId": "KJbpbzaQ7NQX",
          "checksum": "8d7385c2fb44f61d44c00b48332dd7e1"
        },
        {
          "type": "image",
          "assetId": "TmgQMgyhJQ_q",
          "checksum": "f83fa28d06b180f57567449d2a3ecdaa"
        },
        {
          "type": "image",
          "assetId": "wNCKCXD14Mvt",
          "checksum": "0e885c58d7c33d0fe4e5aab20f33b668"
        },
        {
          "type": "image",
          "assetId": "XZ9NCSYbWzXd",
          "checksum": "f8aeccae6e8a26392cd02c2d01e2290b"
        },
        {
          "type": "image",
          "assetId": "6t4ikhcdDfVE",
          "checksum": "47dfb72c2b462194b71b3b9baa265110"
        },
        {
          "type": "image",
          "assetId": "m-8KrbLlAvEl",
          "checksum": "1d6abdea6ccfaf8701b61988974df855"
        },
        {
          "type": "image",
          "assetId": "V_EBqSEbQUiD",
          "checksum": "01abb9b0d5c95ee926a9b10e28344c5a"
        },
        {
          "type": "image",
          "assetId": "VHaBRqqAH3US",
          "checksum": "02fdfa9020b0938b8d17940b5e4c761f"
        },
        {
          "type": "image",
          "assetId": "GoK8KcOQvZ63",
          "checksum": "77e380a31d5045acf659158003852481"
        },
        {
          "type": "image",
          "assetId": "nrYjmLKYFPi_",
          "checksum": "e2cc6de057d7f00943a131919eee47d9"
        },
        {
          "type": "image",
          "assetId": "b5TXx0bICNup",
          "checksum": "74a9016021268f769b84f4f193323a46"
        },
        {
          "type": "image",
          "assetId": "_gry8SNs7LKq",
          "checksum": "e9a903db03de86b4bbfb64caed273e40"
        },
        {
          "type": "image",
          "assetId": "gE2fpHubSnTi",
          "checksum": "d254c9194cc820324f7b6687260a7fed"
        },
        {
          "type": "image",
          "assetId": "YsphnS4rqujI",
          "checksum": "4a79e4e93b4c7125136f9d8458428957"
        },
        {
          "type": "renderModule",
          "assetId": "T-TncP4LAmu0",
          "checksum": "9de5f2d510f533b92559e19a3a2d4dcc"
        },
        {
          "type": "cssRules",
          "assetId": "T-TncP4LAmu0",
          "checksum": "9de5f2d510f533b92559e19a3a2d4dcc"
        },
        {
          "type": "image",
          "assetId": "ONiCiTLwpCRN",
          "checksum": "abc0d1eea9206e2019c7d02a7aa11372"
        },
        {
          "type": "image",
          "assetId": "jbBv71ZD8xm1",
          "checksum": "6a3df81f802573097dfb94e0010551dd"
        },
        {
          "type": "image",
          "assetId": "O9o58ghV3i28",
          "checksum": "9baa1d0082e4a4aae5dc829b566d32a7"
        },
        {
          "type": "image",
          "assetId": "uCzZ672vdshc",
          "checksum": "6f4463ba5b2ac70ab329a5abb26c5197"
        },
        {
          "type": "image",
          "assetId": "h5R2njBZOjHL",
          "checksum": "8bd8da2c7f0b2906955cd5420fe47327"
        },
        {
          "type": "image",
          "assetId": "QZOfINokfCHS",
          "checksum": "59e5380b377a8ddf6a7563e883c34429"
        },
        {
          "type": "image",
          "assetId": "vVVXf8hjXMnq",
          "checksum": "9cb7dae41b10005bdc5268b911038239"
        },
        {
          "assetId": "afXULSfGYmou2jFpEc2QWJ",
          "type": "projectCss",
          "checksum": "8a3a86bbe8db253ee3c27fae6d137232"
        }
      ],
      "codegenVersion": "0.0.2"
    }
  ],
  "cliVersion": "0.1.342"
}
