{
  "projects": [
    {
      "projectId": "caTPwKxj5ZrD9LQ7DMdK4Z",
      "version": "3.36.0",
      "dependencies": {},
      "lang": "ts",
      "fileLocks": [
        {
          "assetId": "caTPwKxj5ZrD9LQ7DMdK4Z",
          "type": "projectCss",
          "checksum": "e1ec850476829c38b0f9b6d4f7ac446a"
        }
      ],
      "codegenVersion": "0.0.1"
    },
    {
      "projectId": "oBJtsp5RgVpcN6KCrDTuQT",
      "version": "1.3.0",
      "dependencies": {},
      "lang": "ts",
      "fileLocks": [
        {
          "type": "globalVariant",
          "assetId": "BR2UhI7ulpvR",
          "checksum": "7dd3451831976b3b7f87519b09a8229b"
        },
        {
          "type": "icon",
          "assetId": "rDjUqSUK3eUM",
          "checksum": "a2a89126e9d4f94588ec08b80e2c8776"
        },
        {
          "type": "icon",
          "assetId": "r9Upp9NbiZkf",
          "checksum": "9d7ea21cac7322ef537972a599933b4b"
        },
        {
          "type": "icon",
          "assetId": "GHdF3hS-oP_3",
          "checksum": "02d3dfd561a8ed207de1008227b92020"
        },
        {
          "type": "icon",
          "assetId": "YXreB8gS3SjV",
          "checksum": "db4f070d03de3f905832203c543bcf6e"
        },
        {
          "type": "icon",
          "assetId": "aC_QFogxt1Ko",
          "checksum": "6e77d7eb5046aa0048f78c884358c59e"
        },
        {
          "type": "icon",
          "assetId": "GRY2zHJ6uxOn",
          "checksum": "d4d7dbba341312aa2aa30a59a3e493d8"
        },
        {
          "type": "icon",
          "assetId": "jHvDymIOvRnf",
          "checksum": "5c4030efdc719735eb9121618caa758c"
        },
        {
          "type": "icon",
          "assetId": "9zdEG9CdGbdC",
          "checksum": "0ab2e03013acdec1e2ec83b11b0a6b57"
        },
        {
          "type": "icon",
          "assetId": "7Dhq6fgU-utK",
          "checksum": "1f529b3973759c146e5c7c64efaef136"
        },
        {
          "type": "icon",
          "assetId": "J8ozh55UiWsA",
          "checksum": "8cf489b7683ac894d2333453da59dc10"
        },
        {
          "type": "icon",
          "assetId": "rW7v27ONOoUe",
          "checksum": "7b2b5f99b7f8a3fd8aaf5115b1c6d860"
        },
        {
          "type": "icon",
          "assetId": "4D7uZNf6OjbV",
          "checksum": "28642b07ebd327ffa1555216f81e4308"
        },
        {
          "type": "icon",
          "assetId": "e2zWN9c_lxv7",
          "checksum": "659d5226e2d363ff32eafb9be685386a"
        },
        {
          "type": "icon",
          "assetId": "WTtCf_1I-uMv",
          "checksum": "f1fa51e41b9e49a6b1d3ca0b56281d40"
        },
        {
          "type": "icon",
          "assetId": "eZfYsLpdWQA_",
          "checksum": "0101f8083cb5bdd134a753220e14aba9"
        },
        {
          "type": "icon",
          "assetId": "NSxX1Iy4jDVL",
          "checksum": "f7ee94acc93a902b0b574c48fd0cf1a7"
        },
        {
          "type": "icon",
          "assetId": "dmfb3Ga2IoVt",
          "checksum": "0e165f3b8ff96008a34fc1559c5c5ebd"
        },
        {
          "type": "icon",
          "assetId": "BamIPHX72k5k",
          "checksum": "c80da7c2ab88ccff285cd60ba43f378b"
        },
        {
          "type": "icon",
          "assetId": "zb1oqVXdrxPK",
          "checksum": "07ad9dc6c5e57a37b9af8c86a61bb6bf"
        },
        {
          "type": "icon",
          "assetId": "oob3UzcKBsd_",
          "checksum": "48b18a7d0f3c7534678907f308ebd125"
        },
        {
          "type": "icon",
          "assetId": "qxWwW7vbw7na",
          "checksum": "5020e76547cd1c8acc6eee036b77141c"
        },
        {
          "type": "image",
          "assetId": "ijbf5URccsnE",
          "checksum": "871858b983feb6fdf32268fce7608bc6"
        },
        {
          "assetId": "oBJtsp5RgVpcN6KCrDTuQT",
          "type": "projectCss",
          "checksum": "f70828b52f3661a876b9a7ea6ccb9fcc"
        }
      ],
      "codegenVersion": "0.0.1"
    },
    {
      "projectId": "sqPBLwEBBKHA2WDuGb17eV",
      "version": "0.12.0",
      "dependencies": {},
      "lang": "ts",
      "fileLocks": [
        {
          "type": "icon",
          "assetId": "Wyt3GMMsLefj",
          "checksum": "d8c88f04735c43b3f7790b0889d20e0c"
        },
        {
          "type": "icon",
          "assetId": "MbDRsJU0e3bw",
          "checksum": "92672aa6935120ebaac11939d8d127bb"
        },
        {
          "assetId": "sqPBLwEBBKHA2WDuGb17eV",
          "type": "projectCss",
          "checksum": "e1ec850476829c38b0f9b6d4f7ac446a"
        },
        {
          "type": "renderModule",
          "assetId": "5nirPCGmCnRD",
          "checksum": "6dfce6e009ab54e882e11f422c08b611"
        },
        {
          "type": "cssRules",
          "assetId": "5nirPCGmCnRD",
          "checksum": "6dfce6e009ab54e882e11f422c08b611"
        }
      ],
      "codegenVersion": "0.0.1"
    },
    {
      "projectId": "8PtdGodUbexNYgkuyBUcWu",
      "version": "3.24.0",
      "dependencies": {},
      "lang": "ts",
      "fileLocks": [
        {
          "assetId": "8PtdGodUbexNYgkuyBUcWu",
          "checksum": "34a063f27f0b27a7d1d344bc6b5252c5",
          "type": "globalContexts"
        },
        {
          "assetId": "8PtdGodUbexNYgkuyBUcWu",
          "type": "projectCss",
          "checksum": "938244692ddaafd351b253f33afb418e"
        }
      ],
      "codegenVersion": "0.0.1"
    },
    {
      "projectId": "h9Dbk9ygddw7UVEq1NNhKi",
      "version": "6.0.2",
      "dependencies": {
        "sqPBLwEBBKHA2WDuGb17eV": "0.12.0",
        "oBJtsp5RgVpcN6KCrDTuQT": "1.3.0",
        "caTPwKxj5ZrD9LQ7DMdK4Z": "3.36.0"
      },
      "lang": "ts",
      "fileLocks": [
        {
          "type": "globalVariant",
          "assetId": "QmLtHiTXdNxv",
          "checksum": "1e98dc47c933788088926d8b42faad7b"
        },
        {
          "type": "renderModule",
          "assetId": "3i84rYjQRrs4",
          "checksum": "4591d7847bf0d6c8de6e2815ebd7bf76"
        },
        {
          "type": "cssRules",
          "assetId": "3i84rYjQRrs4",
          "checksum": "4591d7847bf0d6c8de6e2815ebd7bf76"
        },
        {
          "type": "renderModule",
          "assetId": "1bFBcAoH0lNN",
          "checksum": "917fc6f893546dacd14bb19ec127e54f"
        },
        {
          "type": "cssRules",
          "assetId": "1bFBcAoH0lNN",
          "checksum": "917fc6f893546dacd14bb19ec127e54f"
        },
        {
          "type": "renderModule",
          "assetId": "fa_t7ELXcm5k",
          "checksum": "742a47e3801129857019b5f9c87d3dba"
        },
        {
          "type": "cssRules",
          "assetId": "fa_t7ELXcm5k",
          "checksum": "742a47e3801129857019b5f9c87d3dba"
        },
        {
          "type": "renderModule",
          "assetId": "CZBpNouNw7Ui",
          "checksum": "11c27023a3db3c2c2c1b6c36a252c89f"
        },
        {
          "type": "cssRules",
          "assetId": "CZBpNouNw7Ui",
          "checksum": "11c27023a3db3c2c2c1b6c36a252c89f"
        },
        {
          "type": "icon",
          "assetId": "eCsLCdWP9DST",
          "checksum": "2bfc7e4636bd7e7fef59654fb0c1e3da"
        },
        {
          "type": "icon",
          "assetId": "xYtO5aWYRBvW",
          "checksum": "7d4e6a111d6640f786b347cca4d8ad15"
        },
        {
          "type": "icon",
          "assetId": "RqwNL88PjcHS",
          "checksum": "6badb8523227390be7d483f204068e0f"
        },
        {
          "type": "icon",
          "assetId": "_Qaeb-4Y8N07",
          "checksum": "986d20e143c950555b56927eace6c778"
        },
        {
          "type": "renderModule",
          "assetId": "oVzoHzMf1TLl",
          "checksum": "704523a41ea9301862da72eecc47e876"
        },
        {
          "type": "cssRules",
          "assetId": "oVzoHzMf1TLl",
          "checksum": "704523a41ea9301862da72eecc47e876"
        },
        {
          "type": "renderModule",
          "assetId": "FJiI2-N1is_F",
          "checksum": "f3111ded2981f1a0da02f47ea0d68b4c"
        },
        {
          "type": "cssRules",
          "assetId": "FJiI2-N1is_F",
          "checksum": "f3111ded2981f1a0da02f47ea0d68b4c"
        },
        {
          "assetId": "h9Dbk9ygddw7UVEq1NNhKi",
          "type": "projectCss",
          "checksum": "1b4db477ac8d148c5a0346bec561df11"
        }
      ],
      "codegenVersion": "0.0.1"
    },
    {
      "projectId": "afXULSfGYmou2jFpEc2QWJ",
      "version": "latest",
      "dependencies": {
        "oBJtsp5RgVpcN6KCrDTuQT": "1.3.0",
        "caTPwKxj5ZrD9LQ7DMdK4Z": "3.36.0",
        "8PtdGodUbexNYgkuyBUcWu": "3.24.0",
        "sqPBLwEBBKHA2WDuGb17eV": "0.12.0",
        "ohDidvG9XsCeFumugENU3J": "6.25.0",
        "jkU633o1Cz7HrJdwdxhVHk": "16.10.0",
        "YUiM7yqBWAqsh8KSnrdj7": "0.29.0",
        "h9Dbk9ygddw7UVEq1NNhKi": "6.0.2"
      },
      "lang": "ts",
      "fileLocks": [
        {
          "type": "globalVariant",
          "assetId": "7BS7RtJcMv9t",
          "checksum": "da75665d09331aa85df30893222e92e8"
        },
        {
          "assetId": "afXULSfGYmou2jFpEc2QWJ",
          "checksum": "ce3764b8df6ed0d0cb8a6728df27f6a9",
          "type": "globalContexts"
        },
        {
          "type": "renderModule",
          "assetId": "XSAvgKpp1Uaz",
          "checksum": "da8f6c2dbee637f469484d6d7773ed0a"
        },
        {
          "type": "cssRules",
          "assetId": "XSAvgKpp1Uaz",
          "checksum": "da8f6c2dbee637f469484d6d7773ed0a"
        },
        {
          "type": "renderModule",
          "assetId": "SePhlRlvEn3n",
          "checksum": "083a375c5ce9a32da68f8604169741b2"
        },
        {
          "type": "cssRules",
          "assetId": "SePhlRlvEn3n",
          "checksum": "083a375c5ce9a32da68f8604169741b2"
        },
        {
          "type": "renderModule",
          "assetId": "7wkEfmUYAcMf",
          "checksum": "a655065edd0a29043f684b647371475f"
        },
        {
          "type": "cssRules",
          "assetId": "7wkEfmUYAcMf",
          "checksum": "a655065edd0a29043f684b647371475f"
        },
        {
          "type": "renderModule",
          "assetId": "oVhwmqkQ-eSd",
          "checksum": "c3059f58116a9dd5841d0dc5d80e4b84"
        },
        {
          "type": "cssRules",
          "assetId": "oVhwmqkQ-eSd",
          "checksum": "c3059f58116a9dd5841d0dc5d80e4b84"
        },
        {
          "type": "renderModule",
          "assetId": "nwT0EaGINwPy",
          "checksum": "930a17e90846fd96411ef1a4b46c1e53"
        },
        {
          "type": "cssRules",
          "assetId": "nwT0EaGINwPy",
          "checksum": "930a17e90846fd96411ef1a4b46c1e53"
        },
        {
          "type": "renderModule",
          "assetId": "Qholsf4rjRaA",
          "checksum": "9676685acca2f2a522d5273e94033417"
        },
        {
          "type": "cssRules",
          "assetId": "Qholsf4rjRaA",
          "checksum": "9676685acca2f2a522d5273e94033417"
        },
        {
          "type": "renderModule",
          "assetId": "aziC0C3kJR0h",
          "checksum": "57351f4f54b90a20e7edab70e2be23d3"
        },
        {
          "type": "cssRules",
          "assetId": "aziC0C3kJR0h",
          "checksum": "57351f4f54b90a20e7edab70e2be23d3"
        },
        {
          "type": "renderModule",
          "assetId": "ZondeLPH5mZC",
          "checksum": "9d75da07c0a374586770bc7384c2d9b8"
        },
        {
          "type": "cssRules",
          "assetId": "ZondeLPH5mZC",
          "checksum": "9d75da07c0a374586770bc7384c2d9b8"
        },
        {
          "type": "icon",
          "assetId": "fjupp6w2fUeo",
          "checksum": "8b95856d992f71e0c06faaf7eb8d025d"
        },
        {
          "type": "icon",
          "assetId": "VZ6Vl-sB0jLM",
          "checksum": "fd1bff5eb3f90ce402bf727d5cd1a923"
        },
        {
          "type": "icon",
          "assetId": "xEMFaK-yEYgd",
          "checksum": "887055903b16bad20a5b6ed7cc3de7c1"
        },
        {
          "type": "icon",
          "assetId": "WRSXhzCsATtt",
          "checksum": "d0e8e698ee4746a5feb14de43d4006eb"
        },
        {
          "type": "icon",
          "assetId": "vSk8gB06wiRC",
          "checksum": "8b82c764ced26f4223ef8f8e541bcf04"
        },
        {
          "type": "icon",
          "assetId": "eeiQdsLura6L",
          "checksum": "f0618735029c80f0b7d899d65deb5561"
        },
        {
          "type": "icon",
          "assetId": "am-XC_8Kxn-x",
          "checksum": "a4e3fe34355f435f9ab515f2515cd423"
        },
        {
          "type": "icon",
          "assetId": "O8aQDsr69JmZ",
          "checksum": "1f40d4592e133b45b815a09cc2635f8c"
        },
        {
          "type": "icon",
          "assetId": "d5yeENyuZEF8",
          "checksum": "08d6f05820b2932ccf7f79a124f8f823"
        },
        {
          "type": "icon",
          "assetId": "7-KwYGGksEHB",
          "checksum": "26b63626d2573cf67bd35f69abebf640"
        },
        {
          "type": "icon",
          "assetId": "-aAWDY9EELMA",
          "checksum": "86a89fa12ae0101224eaccc3b63a8957"
        },
        {
          "type": "icon",
          "assetId": "DrwBCnVNGOUr",
          "checksum": "dfcb8a89d60ddc90a99f7feb591621ab"
        },
        {
          "type": "icon",
          "assetId": "Y_qC7oCCXC6M",
          "checksum": "cb77079ba3adffd07b27d34e6bb38d26"
        },
        {
          "type": "icon",
          "assetId": "Qb_lZSOBxQ0B",
          "checksum": "bca3e27ed749ba9334d0f61fcc8d781d"
        },
        {
          "type": "icon",
          "assetId": "sdf49AtFp7I6",
          "checksum": "29f39d453c993d189435e91824c92dc4"
        },
        {
          "type": "icon",
          "assetId": "89UX2c4RUbMn",
          "checksum": "899b3c1ec6a967194801a123a78b4dd9"
        },
        {
          "type": "icon",
          "assetId": "fHnEYndpDVQM",
          "checksum": "82bf4b94015f21b84ee8437a0987376c"
        },
        {
          "type": "icon",
          "assetId": "cjtWk_p-hopr",
          "checksum": "a6abbfcf98f9e0dea0c549a8d1b87bee"
        },
        {
          "type": "icon",
          "assetId": "ecBaHl9ZBa7P",
          "checksum": "173179fa3a16f759338e319d022d0554"
        },
        {
          "type": "icon",
          "assetId": "eiKe8zEuMZpA",
          "checksum": "eca254acb29ff2cb1dfe6df63ce65f12"
        },
        {
          "type": "icon",
          "assetId": "mHP_U4hM0IP3",
          "checksum": "5cfe77f2ba70aaeeb50c44ccca366939"
        },
        {
          "type": "icon",
          "assetId": "qcX1x0KU2hzJ",
          "checksum": "fd42ddcb761ecefc8f3e624e58b7ca8e"
        },
        {
          "type": "icon",
          "assetId": "RL4rpljbJj9e",
          "checksum": "9a93fe8f441a2430fd5fe24dd4231324"
        },
        {
          "type": "icon",
          "assetId": "KU99EqSwBdmA",
          "checksum": "f677722f622c2cdbbdae6c3ea3f0df83"
        },
        {
          "type": "icon",
          "assetId": "0G57m0_jjOWM",
          "checksum": "627ae9c7960cef294eb25d9291371d7e"
        },
        {
          "type": "icon",
          "assetId": "HJ2LX2Z4Nt5V",
          "checksum": "7e4720b77d147421411ccbbd630c3bb2"
        },
        {
          "type": "image",
          "assetId": "5TxUmL1aXmrv",
          "checksum": "05deef8edb36ea900f20fb66e8ec4d0d"
        },
        {
          "type": "image",
          "assetId": "_aRe5KDHbJ0s",
          "checksum": "3795a1f46aac8368b1304ef1459d0179"
        },
        {
          "type": "renderModule",
          "assetId": "FYVyu1h3mPQf",
          "checksum": "264822ef5c46f8fd91691e5c80cc6397"
        },
        {
          "type": "cssRules",
          "assetId": "FYVyu1h3mPQf",
          "checksum": "264822ef5c46f8fd91691e5c80cc6397"
        },
        {
          "type": "icon",
          "assetId": "hs1r53dOSjtc",
          "checksum": "e913cfebc6b4a4a7ddded4ac4aef35fb"
        },
        {
          "type": "renderModule",
          "assetId": "0wu_ZE1f8SuT",
          "checksum": "c734c098276c6eb89fde731e6ca48efc"
        },
        {
          "type": "cssRules",
          "assetId": "0wu_ZE1f8SuT",
          "checksum": "c734c098276c6eb89fde731e6ca48efc"
        },
        {
          "type": "renderModule",
          "assetId": "nYtkLnbqtkXY",
          "checksum": "494789ca545f6fbf8450971094225db6"
        },
        {
          "type": "cssRules",
          "assetId": "nYtkLnbqtkXY",
          "checksum": "494789ca545f6fbf8450971094225db6"
        },
        {
          "type": "icon",
          "assetId": "5cMRv2c3LIXT",
          "checksum": "736de06b19ba5912c6fc11979a22ffa3"
        },
        {
          "assetId": "afXULSfGYmou2jFpEc2QWJ",
          "type": "projectCss",
          "checksum": "600e47e41dcee5ff8f24348456a3513b"
        }
      ],
      "codegenVersion": "0.0.1"
    },
    {
      "projectId": "jkU633o1Cz7HrJdwdxhVHk",
      "version": "16.10.0",
      "dependencies": {},
      "lang": "ts",
      "fileLocks": [
        {
          "assetId": "jkU633o1Cz7HrJdwdxhVHk",
          "type": "projectCss",
          "checksum": "0581d4378bb1604bb5fe3f65bb0a37de"
        }
      ],
      "codegenVersion": "0.0.1"
    },
    {
      "projectId": "ohDidvG9XsCeFumugENU3J",
      "version": "6.25.0",
      "dependencies": {},
      "lang": "ts",
      "fileLocks": [
        {
          "assetId": "ohDidvG9XsCeFumugENU3J",
          "checksum": "de0a0e65174a6a185a8f822af51c6bdd",
          "type": "globalContexts"
        },
        {
          "assetId": "ohDidvG9XsCeFumugENU3J",
          "type": "projectCss",
          "checksum": "fd83b730367fdbde2c69bc6cf31c2a3c"
        }
      ],
      "codegenVersion": "0.0.1"
    },
    {
      "projectId": "YUiM7yqBWAqsh8KSnrdj7",
      "version": "0.29.0",
      "dependencies": {},
      "lang": "ts",
      "fileLocks": [
        {
          "assetId": "YUiM7yqBWAqsh8KSnrdj7",
          "type": "projectCss",
          "checksum": "111e2ae00744bcb5cc28bba41d8d0f1d"
        }
      ],
      "codegenVersion": "0.0.1"
    }
  ],
  "cliVersion": "0.1.331"
}
